// !$*UTF8*$!
{
	archiveVersion = 1;
	classes = {
	};
	objectVersion = 46;
	objects = {

/* Begin PBXBuildFile section */
		7422D7991D53811C00ACB2B6 /* HATextView.h in Headers */ = {isa = PBXBuildFile; fileRef = 7422D7971D53811C00ACB2B6 /* HATextView.h */; };
		7422D79A1D53811C00ACB2B6 /* HATextView.m in Sources */ = {isa = PBXBuildFile; fileRef = 7422D7981D53811C00ACB2B6 /* HATextView.m */; };
		7425B80D1D50CBDF00288A46 /* province.json in Resources */ = {isa = PBXBuildFile; fileRef = 7425B80C1D50CBDF00288A46 /* province.json */; };
		742B917E1D4FA836000FF5A1 /* HOAKit.h in Headers */ = {isa = PBXBuildFile; fileRef = 742B917D1D4FA836000FF5A1 /* HOAKit.h */; settings = {ATTRIBUTES = (Public, ); }; };
		742B91C61D4FB731000FF5A1 /* HAAddHousePhotoViewController.h in Headers */ = {isa = PBXBuildFile; fileRef = 742B91951D4FB731000FF5A1 /* HAAddHousePhotoViewController.h */; };
		742B91C71D4FB731000FF5A1 /* HAAddHousePhotoViewController.m in Sources */ = {isa = PBXBuildFile; fileRef = 742B91961D4FB731000FF5A1 /* HAAddHousePhotoViewController.m */; };
		742B91C81D4FB731000FF5A1 /* HAHouseTableController.h in Headers */ = {isa = PBXBuildFile; fileRef = 742B91971D4FB731000FF5A1 /* HAHouseTableController.h */; };
		742B91C91D4FB731000FF5A1 /* HAHouseTableController.m in Sources */ = {isa = PBXBuildFile; fileRef = 742B91981D4FB731000FF5A1 /* HAHouseTableController.m */; };
		742B91CA1D4FB731000FF5A1 /* HAHouseLocationViewController.h in Headers */ = {isa = PBXBuildFile; fileRef = 742B91991D4FB731000FF5A1 /* HAHouseLocationViewController.h */; };
		742B91CB1D4FB731000FF5A1 /* HAHouseLocationViewController.m in Sources */ = {isa = PBXBuildFile; fileRef = 742B919A1D4FB731000FF5A1 /* HAHouseLocationViewController.m */; };
		742B91CC1D4FB731000FF5A1 /* HAHouseTypeTableViewController.h in Headers */ = {isa = PBXBuildFile; fileRef = 742B919B1D4FB731000FF5A1 /* HAHouseTypeTableViewController.h */; };
		742B91CD1D4FB731000FF5A1 /* HAHouseTypeTableViewController.m in Sources */ = {isa = PBXBuildFile; fileRef = 742B919C1D4FB731000FF5A1 /* HAHouseTypeTableViewController.m */; };
		742B91CE1D4FB731000FF5A1 /* HAPublishHouseInfoTableViewController.h in Headers */ = {isa = PBXBuildFile; fileRef = 742B919D1D4FB731000FF5A1 /* HAPublishHouseInfoTableViewController.h */; };
		742B91CF1D4FB731000FF5A1 /* HAPublishHouseInfoTableViewController.m in Sources */ = {isa = PBXBuildFile; fileRef = 742B919E1D4FB731000FF5A1 /* HAPublishHouseInfoTableViewController.m */; };
		742B91D01D4FB731000FF5A1 /* CALayer+Additions.h in Headers */ = {isa = PBXBuildFile; fileRef = 742B91A11D4FB731000FF5A1 /* CALayer+Additions.h */; };
		742B91D11D4FB731000FF5A1 /* CALayer+Additions.m in Sources */ = {isa = PBXBuildFile; fileRef = 742B91A21D4FB731000FF5A1 /* CALayer+Additions.m */; };
		742B91D21D4FB731000FF5A1 /* Toast+UIView.h in Headers */ = {isa = PBXBuildFile; fileRef = 742B91A31D4FB731000FF5A1 /* Toast+UIView.h */; };
		742B91D31D4FB731000FF5A1 /* Toast+UIView.m in Sources */ = {isa = PBXBuildFile; fileRef = 742B91A41D4FB731000FF5A1 /* Toast+UIView.m */; };
		742B91D41D4FB731000FF5A1 /* HALeapBehavior.h in Headers */ = {isa = PBXBuildFile; fileRef = 742B91A61D4FB731000FF5A1 /* HALeapBehavior.h */; };
		742B91D51D4FB731000FF5A1 /* HALeapBehavior.m in Sources */ = {isa = PBXBuildFile; fileRef = 742B91A71D4FB731000FF5A1 /* HALeapBehavior.m */; };
		742B91D61D4FB731000FF5A1 /* HAFloatingButton.h in Headers */ = {isa = PBXBuildFile; fileRef = 742B91A91D4FB731000FF5A1 /* HAFloatingButton.h */; };
		742B91D71D4FB731000FF5A1 /* HAFloatingButton.m in Sources */ = {isa = PBXBuildFile; fileRef = 742B91AA1D4FB731000FF5A1 /* HAFloatingButton.m */; };
		742B91DA1D4FB731000FF5A1 /* HALocationPoint.h in Headers */ = {isa = PBXBuildFile; fileRef = 742B91AE1D4FB731000FF5A1 /* HALocationPoint.h */; };
		742B91DB1D4FB731000FF5A1 /* HALocationPoint.m in Sources */ = {isa = PBXBuildFile; fileRef = 742B91AF1D4FB731000FF5A1 /* HALocationPoint.m */; };
		742B91DC1D4FB731000FF5A1 /* House-owner-assistant.storyboard in Resources */ = {isa = PBXBuildFile; fileRef = 742B91B01D4FB731000FF5A1 /* House-owner-assistant.storyboard */; };
		742B91DD1D4FB731000FF5A1 /* ALAssetsGroup+isEqual.h in Headers */ = {isa = PBXBuildFile; fileRef = 742B91B31D4FB731000FF5A1 /* ALAssetsGroup+isEqual.h */; };
		742B91DE1D4FB731000FF5A1 /* ALAssetsGroup+isEqual.m in Sources */ = {isa = PBXBuildFile; fileRef = 742B91B41D4FB731000FF5A1 /* ALAssetsGroup+isEqual.m */; };
		742B91DF1D4FB731000FF5A1 /* CTAssetsGroupViewCell.h in Headers */ = {isa = PBXBuildFile; fileRef = 742B91B51D4FB731000FF5A1 /* CTAssetsGroupViewCell.h */; };
		742B91E01D4FB731000FF5A1 /* CTAssetsGroupViewCell.m in Sources */ = {isa = PBXBuildFile; fileRef = 742B91B61D4FB731000FF5A1 /* CTAssetsGroupViewCell.m */; };
		742B91E11D4FB731000FF5A1 /* CTAssetsGroupViewController.h in Headers */ = {isa = PBXBuildFile; fileRef = 742B91B71D4FB731000FF5A1 /* CTAssetsGroupViewController.h */; };
		742B91E21D4FB731000FF5A1 /* CTAssetsGroupViewController.m in Sources */ = {isa = PBXBuildFile; fileRef = 742B91B81D4FB731000FF5A1 /* CTAssetsGroupViewController.m */; };
		742B91E31D4FB731000FF5A1 /* CTAssetsPickerConstants.h in Headers */ = {isa = PBXBuildFile; fileRef = 742B91B91D4FB731000FF5A1 /* CTAssetsPickerConstants.h */; };
		742B91E41D4FB731000FF5A1 /* CTAssetsPickerConstants.m in Sources */ = {isa = PBXBuildFile; fileRef = 742B91BA1D4FB731000FF5A1 /* CTAssetsPickerConstants.m */; };
		742B91E51D4FB731000FF5A1 /* CTAssetsPickerController.h in Headers */ = {isa = PBXBuildFile; fileRef = 742B91BB1D4FB731000FF5A1 /* CTAssetsPickerController.h */; };
		742B91E61D4FB731000FF5A1 /* CTAssetsPickerController.m in Sources */ = {isa = PBXBuildFile; fileRef = 742B91BC1D4FB731000FF5A1 /* CTAssetsPickerController.m */; };
		742B91E71D4FB731000FF5A1 /* CTAssetsSupplementaryView.h in Headers */ = {isa = PBXBuildFile; fileRef = 742B91BD1D4FB731000FF5A1 /* CTAssetsSupplementaryView.h */; };
		742B91E81D4FB731000FF5A1 /* CTAssetsSupplementaryView.m in Sources */ = {isa = PBXBuildFile; fileRef = 742B91BE1D4FB731000FF5A1 /* CTAssetsSupplementaryView.m */; };
		742B91E91D4FB731000FF5A1 /* CTAssetsViewCell.h in Headers */ = {isa = PBXBuildFile; fileRef = 742B91BF1D4FB731000FF5A1 /* CTAssetsViewCell.h */; };
		742B91EA1D4FB731000FF5A1 /* CTAssetsViewCell.m in Sources */ = {isa = PBXBuildFile; fileRef = 742B91C01D4FB731000FF5A1 /* CTAssetsViewCell.m */; };
		742B91EB1D4FB731000FF5A1 /* CTAssetsViewController.h in Headers */ = {isa = PBXBuildFile; fileRef = 742B91C11D4FB731000FF5A1 /* CTAssetsViewController.h */; };
		742B91EC1D4FB731000FF5A1 /* CTAssetsViewController.m in Sources */ = {isa = PBXBuildFile; fileRef = 742B91C21D4FB731000FF5A1 /* CTAssetsViewController.m */; };
		742B91ED1D4FB731000FF5A1 /* Images.xcassets in Resources */ = {isa = PBXBuildFile; fileRef = 742B91C31D4FB731000FF5A1 /* Images.xcassets */; };
		742B91EE1D4FB731000FF5A1 /* NSDate+timeDescription.h in Headers */ = {isa = PBXBuildFile; fileRef = 742B91C41D4FB731000FF5A1 /* NSDate+timeDescription.h */; };
		742B91EF1D4FB731000FF5A1 /* NSDate+timeDescription.m in Sources */ = {isa = PBXBuildFile; fileRef = 742B91C51D4FB731000FF5A1 /* NSDate+timeDescription.m */; };
		742B91F21D4FB8A9000FF5A1 /* HOAViewController.h in Headers */ = {isa = PBXBuildFile; fileRef = 742B91F01D4FB8A9000FF5A1 /* HOAViewController.h */; };
		742B91F31D4FB8A9000FF5A1 /* HOAViewController.m in Sources */ = {isa = PBXBuildFile; fileRef = 742B91F11D4FB8A9000FF5A1 /* HOAViewController.m */; };
		743F43411D55EBD200D06D19 /* HAProvinceDataSourceDelegate.h in Headers */ = {isa = PBXBuildFile; fileRef = 743F433F1D55EBD200D06D19 /* HAProvinceDataSourceDelegate.h */; };
		743F43421D55EBD200D06D19 /* HAProvinceDataSourceDelegate.m in Sources */ = {isa = PBXBuildFile; fileRef = 743F43401D55EBD200D06D19 /* HAProvinceDataSourceDelegate.m */; };
		743F43451D55ED5900D06D19 /* HAPickerTextField.h in Headers */ = {isa = PBXBuildFile; fileRef = 743F43431D55ED5900D06D19 /* HAPickerTextField.h */; };
		743F43461D55ED5900D06D19 /* HAPickerTextField.m in Sources */ = {isa = PBXBuildFile; fileRef = 743F43441D55ED5900D06D19 /* HAPickerTextField.m */; };
		743F434A1D55F0C500D06D19 /* HALocationPickerTextField.h in Headers */ = {isa = PBXBuildFile; fileRef = 743F43481D55F0C500D06D19 /* HALocationPickerTextField.h */; };
		743F434B1D55F0C500D06D19 /* HALocationPickerTextField.m in Sources */ = {isa = PBXBuildFile; fileRef = 743F43491D55F0C500D06D19 /* HALocationPickerTextField.m */; };
		743F434E1D55F81500D06D19 /* HADiscountPickerTextField.h in Headers */ = {isa = PBXBuildFile; fileRef = 743F434C1D55F81500D06D19 /* HADiscountPickerTextField.h */; };
		743F434F1D55F81500D06D19 /* HADiscountPickerTextField.m in Sources */ = {isa = PBXBuildFile; fileRef = 743F434D1D55F81500D06D19 /* HADiscountPickerTextField.m */; };
		743F43521D55F84F00D06D19 /* HADiscountDataSourceDelegate.h in Headers */ = {isa = PBXBuildFile; fileRef = 743F43501D55F84F00D06D19 /* HADiscountDataSourceDelegate.h */; };
		743F43531D55F84F00D06D19 /* HADiscountDataSourceDelegate.m in Sources */ = {isa = PBXBuildFile; fileRef = 743F43511D55F84F00D06D19 /* HADiscountDataSourceDelegate.m */; };
		743F43561D5600AA00D06D19 /* HAHouseInfoViewController.h in Headers */ = {isa = PBXBuildFile; fileRef = 743F43541D5600AA00D06D19 /* HAHouseInfoViewController.h */; };
		743F43571D5600AA00D06D19 /* HAHouseInfoViewController.m in Sources */ = {isa = PBXBuildFile; fileRef = 743F43551D5600AA00D06D19 /* HAHouseInfoViewController.m */; };
		DB8EF91B1D506E5F00EE8231 /* HAPriceAndTrandRulesTableController.h in Headers */ = {isa = PBXBuildFile; fileRef = DB8EF9191D506E5F00EE8231 /* HAPriceAndTrandRulesTableController.h */; };
		DB8EF91C1D506E5F00EE8231 /* HAPriceAndTrandRulesTableController.m in Sources */ = {isa = PBXBuildFile; fileRef = DB8EF91A1D506E5F00EE8231 /* HAPriceAndTrandRulesTableController.m */; };
		DBAE09231D5043DF008A85C4 /* HOA.xcassets in Resources */ = {isa = PBXBuildFile; fileRef = DBAE09221D5043DF008A85C4 /* HOA.xcassets */; };
		DBAE09251D504A4F008A85C4 /* HOAKit.m in Sources */ = {isa = PBXBuildFile; fileRef = DBAE09241D504A4F008A85C4 /* HOAKit.m */; };
		DBAE09281D506275008A85C4 /* HAHouseIntroduceViewController.h in Headers */ = {isa = PBXBuildFile; fileRef = DBAE09261D506275008A85C4 /* HAHouseIntroduceViewController.h */; };
		DBAE09291D506275008A85C4 /* HAHouseIntroduceViewController.m in Sources */ = {isa = PBXBuildFile; fileRef = DBAE09271D506275008A85C4 /* HAHouseIntroduceViewController.m */; };
/* End PBXBuildFile section */

/* Begin PBXFileReference section */
		7422D7971D53811C00ACB2B6 /* HATextView.h */ = {isa = PBXFileReference; fileEncoding = 4; lastKnownFileType = sourcecode.c.h; path = HATextView.h; sourceTree = "<group>"; };
		7422D7981D53811C00ACB2B6 /* HATextView.m */ = {isa = PBXFileReference; fileEncoding = 4; lastKnownFileType = sourcecode.c.objc; path = HATextView.m; sourceTree = "<group>"; };
		7425B80C1D50CBDF00288A46 /* province.json */ = {isa = PBXFileReference; fileEncoding = 4; lastKnownFileType = text.json; path = province.json; sourceTree = "<group>"; };
		742B917A1D4FA836000FF5A1 /* HOAKit.framework */ = {isa = PBXFileReference; explicitFileType = wrapper.framework; includeInIndex = 0; path = HOAKit.framework; sourceTree = BUILT_PRODUCTS_DIR; };
		742B917D1D4FA836000FF5A1 /* HOAKit.h */ = {isa = PBXFileReference; lastKnownFileType = sourcecode.c.h; path = HOAKit.h; sourceTree = "<group>"; };
		742B917F1D4FA836000FF5A1 /* Info.plist */ = {isa = PBXFileReference; lastKnownFileType = text.plist.xml; path = Info.plist; sourceTree = "<group>"; };
		742B91951D4FB731000FF5A1 /* HAAddHousePhotoViewController.h */ = {isa = PBXFileReference; fileEncoding = 4; lastKnownFileType = sourcecode.c.h; path = HAAddHousePhotoViewController.h; sourceTree = "<group>"; };
		742B91961D4FB731000FF5A1 /* HAAddHousePhotoViewController.m */ = {isa = PBXFileReference; fileEncoding = 4; lastKnownFileType = sourcecode.c.objc; path = HAAddHousePhotoViewController.m; sourceTree = "<group>"; };
		742B91971D4FB731000FF5A1 /* HAHouseTableController.h */ = {isa = PBXFileReference; fileEncoding = 4; lastKnownFileType = sourcecode.c.h; path = HAHouseTableController.h; sourceTree = "<group>"; };
		742B91981D4FB731000FF5A1 /* HAHouseTableController.m */ = {isa = PBXFileReference; fileEncoding = 4; lastKnownFileType = sourcecode.c.objc; path = HAHouseTableController.m; sourceTree = "<group>"; };
		742B91991D4FB731000FF5A1 /* HAHouseLocationViewController.h */ = {isa = PBXFileReference; fileEncoding = 4; lastKnownFileType = sourcecode.c.h; path = HAHouseLocationViewController.h; sourceTree = "<group>"; };
		742B919A1D4FB731000FF5A1 /* HAHouseLocationViewController.m */ = {isa = PBXFileReference; fileEncoding = 4; lastKnownFileType = sourcecode.c.objc; path = HAHouseLocationViewController.m; sourceTree = "<group>"; };
		742B919B1D4FB731000FF5A1 /* HAHouseTypeTableViewController.h */ = {isa = PBXFileReference; fileEncoding = 4; lastKnownFileType = sourcecode.c.h; path = HAHouseTypeTableViewController.h; sourceTree = "<group>"; };
		742B919C1D4FB731000FF5A1 /* HAHouseTypeTableViewController.m */ = {isa = PBXFileReference; fileEncoding = 4; lastKnownFileType = sourcecode.c.objc; path = HAHouseTypeTableViewController.m; sourceTree = "<group>"; };
		742B919D1D4FB731000FF5A1 /* HAPublishHouseInfoTableViewController.h */ = {isa = PBXFileReference; fileEncoding = 4; lastKnownFileType = sourcecode.c.h; path = HAPublishHouseInfoTableViewController.h; sourceTree = "<group>"; };
		742B919E1D4FB731000FF5A1 /* HAPublishHouseInfoTableViewController.m */ = {isa = PBXFileReference; fileEncoding = 4; lastKnownFileType = sourcecode.c.objc; path = HAPublishHouseInfoTableViewController.m; sourceTree = "<group>"; };
		742B91A11D4FB731000FF5A1 /* CALayer+Additions.h */ = {isa = PBXFileReference; fileEncoding = 4; lastKnownFileType = sourcecode.c.h; path = "CALayer+Additions.h"; sourceTree = "<group>"; };
		742B91A21D4FB731000FF5A1 /* CALayer+Additions.m */ = {isa = PBXFileReference; fileEncoding = 4; lastKnownFileType = sourcecode.c.objc; path = "CALayer+Additions.m"; sourceTree = "<group>"; };
		742B91A31D4FB731000FF5A1 /* Toast+UIView.h */ = {isa = PBXFileReference; fileEncoding = 4; lastKnownFileType = sourcecode.c.h; path = "Toast+UIView.h"; sourceTree = "<group>"; };
		742B91A41D4FB731000FF5A1 /* Toast+UIView.m */ = {isa = PBXFileReference; fileEncoding = 4; lastKnownFileType = sourcecode.c.objc; path = "Toast+UIView.m"; sourceTree = "<group>"; };
		742B91A61D4FB731000FF5A1 /* HALeapBehavior.h */ = {isa = PBXFileReference; fileEncoding = 4; lastKnownFileType = sourcecode.c.h; path = HALeapBehavior.h; sourceTree = "<group>"; };
		742B91A71D4FB731000FF5A1 /* HALeapBehavior.m */ = {isa = PBXFileReference; fileEncoding = 4; lastKnownFileType = sourcecode.c.objc; path = HALeapBehavior.m; sourceTree = "<group>"; };
		742B91A91D4FB731000FF5A1 /* HAFloatingButton.h */ = {isa = PBXFileReference; fileEncoding = 4; lastKnownFileType = sourcecode.c.h; path = HAFloatingButton.h; sourceTree = "<group>"; };
		742B91AA1D4FB731000FF5A1 /* HAFloatingButton.m */ = {isa = PBXFileReference; fileEncoding = 4; lastKnownFileType = sourcecode.c.objc; path = HAFloatingButton.m; sourceTree = "<group>"; };
		742B91AE1D4FB731000FF5A1 /* HALocationPoint.h */ = {isa = PBXFileReference; fileEncoding = 4; lastKnownFileType = sourcecode.c.h; path = HALocationPoint.h; sourceTree = "<group>"; };
		742B91AF1D4FB731000FF5A1 /* HALocationPoint.m */ = {isa = PBXFileReference; fileEncoding = 4; lastKnownFileType = sourcecode.c.objc; path = HALocationPoint.m; sourceTree = "<group>"; };
		742B91B01D4FB731000FF5A1 /* House-owner-assistant.storyboard */ = {isa = PBXFileReference; fileEncoding = 4; lastKnownFileType = file.storyboard; path = "House-owner-assistant.storyboard"; sourceTree = "<group>"; };
		742B91B31D4FB731000FF5A1 /* ALAssetsGroup+isEqual.h */ = {isa = PBXFileReference; fileEncoding = 4; lastKnownFileType = sourcecode.c.h; path = "ALAssetsGroup+isEqual.h"; sourceTree = "<group>"; };
		742B91B41D4FB731000FF5A1 /* ALAssetsGroup+isEqual.m */ = {isa = PBXFileReference; fileEncoding = 4; lastKnownFileType = sourcecode.c.objc; path = "ALAssetsGroup+isEqual.m"; sourceTree = "<group>"; };
		742B91B51D4FB731000FF5A1 /* CTAssetsGroupViewCell.h */ = {isa = PBXFileReference; fileEncoding = 4; lastKnownFileType = sourcecode.c.h; path = CTAssetsGroupViewCell.h; sourceTree = "<group>"; };
		742B91B61D4FB731000FF5A1 /* CTAssetsGroupViewCell.m */ = {isa = PBXFileReference; fileEncoding = 4; lastKnownFileType = sourcecode.c.objc; path = CTAssetsGroupViewCell.m; sourceTree = "<group>"; };
		742B91B71D4FB731000FF5A1 /* CTAssetsGroupViewController.h */ = {isa = PBXFileReference; fileEncoding = 4; lastKnownFileType = sourcecode.c.h; path = CTAssetsGroupViewController.h; sourceTree = "<group>"; };
		742B91B81D4FB731000FF5A1 /* CTAssetsGroupViewController.m */ = {isa = PBXFileReference; fileEncoding = 4; lastKnownFileType = sourcecode.c.objc; path = CTAssetsGroupViewController.m; sourceTree = "<group>"; };
		742B91B91D4FB731000FF5A1 /* CTAssetsPickerConstants.h */ = {isa = PBXFileReference; fileEncoding = 4; lastKnownFileType = sourcecode.c.h; path = CTAssetsPickerConstants.h; sourceTree = "<group>"; };
		742B91BA1D4FB731000FF5A1 /* CTAssetsPickerConstants.m */ = {isa = PBXFileReference; fileEncoding = 4; lastKnownFileType = sourcecode.c.objc; path = CTAssetsPickerConstants.m; sourceTree = "<group>"; };
		742B91BB1D4FB731000FF5A1 /* CTAssetsPickerController.h */ = {isa = PBXFileReference; fileEncoding = 4; lastKnownFileType = sourcecode.c.h; path = CTAssetsPickerController.h; sourceTree = "<group>"; };
		742B91BC1D4FB731000FF5A1 /* CTAssetsPickerController.m */ = {isa = PBXFileReference; fileEncoding = 4; lastKnownFileType = sourcecode.c.objc; path = CTAssetsPickerController.m; sourceTree = "<group>"; };
		742B91BD1D4FB731000FF5A1 /* CTAssetsSupplementaryView.h */ = {isa = PBXFileReference; fileEncoding = 4; lastKnownFileType = sourcecode.c.h; path = CTAssetsSupplementaryView.h; sourceTree = "<group>"; };
		742B91BE1D4FB731000FF5A1 /* CTAssetsSupplementaryView.m */ = {isa = PBXFileReference; fileEncoding = 4; lastKnownFileType = sourcecode.c.objc; path = CTAssetsSupplementaryView.m; sourceTree = "<group>"; };
		742B91BF1D4FB731000FF5A1 /* CTAssetsViewCell.h */ = {isa = PBXFileReference; fileEncoding = 4; lastKnownFileType = sourcecode.c.h; path = CTAssetsViewCell.h; sourceTree = "<group>"; };
		742B91C01D4FB731000FF5A1 /* CTAssetsViewCell.m */ = {isa = PBXFileReference; fileEncoding = 4; lastKnownFileType = sourcecode.c.objc; path = CTAssetsViewCell.m; sourceTree = "<group>"; };
		742B91C11D4FB731000FF5A1 /* CTAssetsViewController.h */ = {isa = PBXFileReference; fileEncoding = 4; lastKnownFileType = sourcecode.c.h; path = CTAssetsViewController.h; sourceTree = "<group>"; };
		742B91C21D4FB731000FF5A1 /* CTAssetsViewController.m */ = {isa = PBXFileReference; fileEncoding = 4; lastKnownFileType = sourcecode.c.objc; path = CTAssetsViewController.m; sourceTree = "<group>"; };
		742B91C31D4FB731000FF5A1 /* Images.xcassets */ = {isa = PBXFileReference; lastKnownFileType = folder.assetcatalog; path = Images.xcassets; sourceTree = "<group>"; };
		742B91C41D4FB731000FF5A1 /* NSDate+timeDescription.h */ = {isa = PBXFileReference; fileEncoding = 4; lastKnownFileType = sourcecode.c.h; path = "NSDate+timeDescription.h"; sourceTree = "<group>"; };
		742B91C51D4FB731000FF5A1 /* NSDate+timeDescription.m */ = {isa = PBXFileReference; fileEncoding = 4; lastKnownFileType = sourcecode.c.objc; path = "NSDate+timeDescription.m"; sourceTree = "<group>"; };
		742B91F01D4FB8A9000FF5A1 /* HOAViewController.h */ = {isa = PBXFileReference; fileEncoding = 4; lastKnownFileType = sourcecode.c.h; path = HOAViewController.h; sourceTree = "<group>"; };
		742B91F11D4FB8A9000FF5A1 /* HOAViewController.m */ = {isa = PBXFileReference; fileEncoding = 4; lastKnownFileType = sourcecode.c.objc; path = HOAViewController.m; sourceTree = "<group>"; };
		743F433F1D55EBD200D06D19 /* HAProvinceDataSourceDelegate.h */ = {isa = PBXFileReference; fileEncoding = 4; lastKnownFileType = sourcecode.c.h; path = HAProvinceDataSourceDelegate.h; sourceTree = "<group>"; };
		743F43401D55EBD200D06D19 /* HAProvinceDataSourceDelegate.m */ = {isa = PBXFileReference; fileEncoding = 4; lastKnownFileType = sourcecode.c.objc; path = HAProvinceDataSourceDelegate.m; sourceTree = "<group>"; };
		743F43431D55ED5900D06D19 /* HAPickerTextField.h */ = {isa = PBXFileReference; fileEncoding = 4; lastKnownFileType = sourcecode.c.h; path = HAPickerTextField.h; sourceTree = "<group>"; };
		743F43441D55ED5900D06D19 /* HAPickerTextField.m */ = {isa = PBXFileReference; fileEncoding = 4; lastKnownFileType = sourcecode.c.objc; path = HAPickerTextField.m; sourceTree = "<group>"; };
		743F43481D55F0C500D06D19 /* HALocationPickerTextField.h */ = {isa = PBXFileReference; fileEncoding = 4; lastKnownFileType = sourcecode.c.h; path = HALocationPickerTextField.h; sourceTree = "<group>"; };
		743F43491D55F0C500D06D19 /* HALocationPickerTextField.m */ = {isa = PBXFileReference; fileEncoding = 4; lastKnownFileType = sourcecode.c.objc; path = HALocationPickerTextField.m; sourceTree = "<group>"; };
		743F434C1D55F81500D06D19 /* HADiscountPickerTextField.h */ = {isa = PBXFileReference; fileEncoding = 4; lastKnownFileType = sourcecode.c.h; path = HADiscountPickerTextField.h; sourceTree = "<group>"; };
		743F434D1D55F81500D06D19 /* HADiscountPickerTextField.m */ = {isa = PBXFileReference; fileEncoding = 4; lastKnownFileType = sourcecode.c.objc; path = HADiscountPickerTextField.m; sourceTree = "<group>"; };
		743F43501D55F84F00D06D19 /* HADiscountDataSourceDelegate.h */ = {isa = PBXFileReference; fileEncoding = 4; lastKnownFileType = sourcecode.c.h; path = HADiscountDataSourceDelegate.h; sourceTree = "<group>"; };
		743F43511D55F84F00D06D19 /* HADiscountDataSourceDelegate.m */ = {isa = PBXFileReference; fileEncoding = 4; lastKnownFileType = sourcecode.c.objc; path = HADiscountDataSourceDelegate.m; sourceTree = "<group>"; };
		743F43541D5600AA00D06D19 /* HAHouseInfoViewController.h */ = {isa = PBXFileReference; fileEncoding = 4; lastKnownFileType = sourcecode.c.h; path = HAHouseInfoViewController.h; sourceTree = "<group>"; };
		743F43551D5600AA00D06D19 /* HAHouseInfoViewController.m */ = {isa = PBXFileReference; fileEncoding = 4; lastKnownFileType = sourcecode.c.objc; path = HAHouseInfoViewController.m; sourceTree = "<group>"; };
		DB8EF9191D506E5F00EE8231 /* HAPriceAndTrandRulesTableController.h */ = {isa = PBXFileReference; fileEncoding = 4; lastKnownFileType = sourcecode.c.h; path = HAPriceAndTrandRulesTableController.h; sourceTree = "<group>"; };
		DB8EF91A1D506E5F00EE8231 /* HAPriceAndTrandRulesTableController.m */ = {isa = PBXFileReference; fileEncoding = 4; lastKnownFileType = sourcecode.c.objc; path = HAPriceAndTrandRulesTableController.m; sourceTree = "<group>"; };
		DBAE09221D5043DF008A85C4 /* HOA.xcassets */ = {isa = PBXFileReference; lastKnownFileType = folder.assetcatalog; path = HOA.xcassets; sourceTree = SOURCE_ROOT; };
		DBAE09241D504A4F008A85C4 /* HOAKit.m */ = {isa = PBXFileReference; fileEncoding = 4; lastKnownFileType = sourcecode.c.objc; path = HOAKit.m; sourceTree = "<group>"; };
		DBAE09261D506275008A85C4 /* HAHouseIntroduceViewController.h */ = {isa = PBXFileReference; fileEncoding = 4; lastKnownFileType = sourcecode.c.h; path = HAHouseIntroduceViewController.h; sourceTree = "<group>"; };
		DBAE09271D506275008A85C4 /* HAHouseIntroduceViewController.m */ = {isa = PBXFileReference; fileEncoding = 4; lastKnownFileType = sourcecode.c.objc; path = HAHouseIntroduceViewController.m; sourceTree = "<group>"; };
/* End PBXFileReference section */

/* Begin PBXFrameworksBuildPhase section */
		742B91761D4FA836000FF5A1 /* Frameworks */ = {
			isa = PBXFrameworksBuildPhase;
			buildActionMask = 2147483647;
			files = (
			);
			runOnlyForDeploymentPostprocessing = 0;
		};
/* End PBXFrameworksBuildPhase section */

/* Begin PBXGroup section */
		742B91701D4FA836000FF5A1 = {
			isa = PBXGroup;
			children = (
				742B917C1D4FA836000FF5A1 /* HOAKit */,
				742B917B1D4FA836000FF5A1 /* Products */,
			);
			sourceTree = "<group>";
		};
		742B917B1D4FA836000FF5A1 /* Products */ = {
			isa = PBXGroup;
			children = (
				742B917A1D4FA836000FF5A1 /* HOAKit.framework */,
			);
			name = Products;
			sourceTree = "<group>";
		};
		742B917C1D4FA836000FF5A1 /* HOAKit */ = {
			isa = PBXGroup;
			children = (
				7425B80C1D50CBDF00288A46 /* province.json */,
				DBAE09221D5043DF008A85C4 /* HOA.xcassets */,
				742B91AD1D4FB731000FF5A1 /* Models */,
				743F43471D55F0C500D06D19 /* Views */,
				742B91941D4FB731000FF5A1 /* Controllers */,
				742B919F1D4FB731000FF5A1 /* General */,
				742B91B11D4FB731000FF5A1 /* Vendors */,
				742B917D1D4FA836000FF5A1 /* HOAKit.h */,
				DBAE09241D504A4F008A85C4 /* HOAKit.m */,
				742B917F1D4FA836000FF5A1 /* Info.plist */,
			);
			path = HOAKit;
			sourceTree = "<group>";
		};
		742B91941D4FB731000FF5A1 /* Controllers */ = {
			isa = PBXGroup;
			children = (
				742B91951D4FB731000FF5A1 /* HAAddHousePhotoViewController.h */,
				742B91961D4FB731000FF5A1 /* HAAddHousePhotoViewController.m */,
				742B91971D4FB731000FF5A1 /* HAHouseTableController.h */,
				742B91981D4FB731000FF5A1 /* HAHouseTableController.m */,
				742B91991D4FB731000FF5A1 /* HAHouseLocationViewController.h */,
				742B919A1D4FB731000FF5A1 /* HAHouseLocationViewController.m */,
				742B919B1D4FB731000FF5A1 /* HAHouseTypeTableViewController.h */,
				742B919C1D4FB731000FF5A1 /* HAHouseTypeTableViewController.m */,
				742B919D1D4FB731000FF5A1 /* HAPublishHouseInfoTableViewController.h */,
				742B919E1D4FB731000FF5A1 /* HAPublishHouseInfoTableViewController.m */,
				742B91F01D4FB8A9000FF5A1 /* HOAViewController.h */,
				742B91F11D4FB8A9000FF5A1 /* HOAViewController.m */,
				DBAE09261D506275008A85C4 /* HAHouseIntroduceViewController.h */,
				DBAE09271D506275008A85C4 /* HAHouseIntroduceViewController.m */,
				DB8EF9191D506E5F00EE8231 /* HAPriceAndTrandRulesTableController.h */,
				DB8EF91A1D506E5F00EE8231 /* HAPriceAndTrandRulesTableController.m */,
				743F43541D5600AA00D06D19 /* HAHouseInfoViewController.h */,
				743F43551D5600AA00D06D19 /* HAHouseInfoViewController.m */,
			);
			path = Controllers;
			sourceTree = SOURCE_ROOT;
		};
		742B919F1D4FB731000FF5A1 /* General */ = {
			isa = PBXGroup;
			children = (
				742B91A01D4FB731000FF5A1 /* Categories */,
				742B91A51D4FB731000FF5A1 /* Classes */,
				742B91A81D4FB731000FF5A1 /* Views */,
			);
			path = General;
			sourceTree = SOURCE_ROOT;
		};
		742B91A01D4FB731000FF5A1 /* Categories */ = {
			isa = PBXGroup;
			children = (
				742B91A11D4FB731000FF5A1 /* CALayer+Additions.h */,
				742B91A21D4FB731000FF5A1 /* CALayer+Additions.m */,
				742B91A31D4FB731000FF5A1 /* Toast+UIView.h */,
				742B91A41D4FB731000FF5A1 /* Toast+UIView.m */,
			);
			path = Categories;
			sourceTree = "<group>";
		};
		742B91A51D4FB731000FF5A1 /* Classes */ = {
			isa = PBXGroup;
			children = (
				742B91A61D4FB731000FF5A1 /* HALeapBehavior.h */,
				742B91A71D4FB731000FF5A1 /* HALeapBehavior.m */,
			);
			path = Classes;
			sourceTree = "<group>";
		};
		742B91A81D4FB731000FF5A1 /* Views */ = {
			isa = PBXGroup;
			children = (
				742B91A91D4FB731000FF5A1 /* HAFloatingButton.h */,
				742B91AA1D4FB731000FF5A1 /* HAFloatingButton.m */,
				7422D7971D53811C00ACB2B6 /* HATextView.h */,
				7422D7981D53811C00ACB2B6 /* HATextView.m */,
				743F43431D55ED5900D06D19 /* HAPickerTextField.h */,
				743F43441D55ED5900D06D19 /* HAPickerTextField.m */,
			);
			path = Views;
			sourceTree = "<group>";
		};
		742B91AD1D4FB731000FF5A1 /* Models */ = {
			isa = PBXGroup;
			children = (
				742B91AE1D4FB731000FF5A1 /* HALocationPoint.h */,
				742B91AF1D4FB731000FF5A1 /* HALocationPoint.m */,
				742B91B01D4FB731000FF5A1 /* House-owner-assistant.storyboard */,
				743F433F1D55EBD200D06D19 /* HAProvinceDataSourceDelegate.h */,
				743F43401D55EBD200D06D19 /* HAProvinceDataSourceDelegate.m */,
				743F43501D55F84F00D06D19 /* HADiscountDataSourceDelegate.h */,
				743F43511D55F84F00D06D19 /* HADiscountDataSourceDelegate.m */,
			);
			path = Models;
			sourceTree = SOURCE_ROOT;
		};
		742B91B11D4FB731000FF5A1 /* Vendors */ = {
			isa = PBXGroup;
			children = (
				742B91B21D4FB731000FF5A1 /* CTAssetsPickerController */,
			);
			path = Vendors;
			sourceTree = SOURCE_ROOT;
		};
		742B91B21D4FB731000FF5A1 /* CTAssetsPickerController */ = {
			isa = PBXGroup;
			children = (
				742B91B31D4FB731000FF5A1 /* ALAssetsGroup+isEqual.h */,
				742B91B41D4FB731000FF5A1 /* ALAssetsGroup+isEqual.m */,
				742B91B51D4FB731000FF5A1 /* CTAssetsGroupViewCell.h */,
				742B91B61D4FB731000FF5A1 /* CTAssetsGroupViewCell.m */,
				742B91B71D4FB731000FF5A1 /* CTAssetsGroupViewController.h */,
				742B91B81D4FB731000FF5A1 /* CTAssetsGroupViewController.m */,
				742B91B91D4FB731000FF5A1 /* CTAssetsPickerConstants.h */,
				742B91BA1D4FB731000FF5A1 /* CTAssetsPickerConstants.m */,
				742B91BB1D4FB731000FF5A1 /* CTAssetsPickerController.h */,
				742B91BC1D4FB731000FF5A1 /* CTAssetsPickerController.m */,
				742B91BD1D4FB731000FF5A1 /* CTAssetsSupplementaryView.h */,
				742B91BE1D4FB731000FF5A1 /* CTAssetsSupplementaryView.m */,
				742B91BF1D4FB731000FF5A1 /* CTAssetsViewCell.h */,
				742B91C01D4FB731000FF5A1 /* CTAssetsViewCell.m */,
				742B91C11D4FB731000FF5A1 /* CTAssetsViewController.h */,
				742B91C21D4FB731000FF5A1 /* CTAssetsViewController.m */,
				742B91C31D4FB731000FF5A1 /* Images.xcassets */,
				742B91C41D4FB731000FF5A1 /* NSDate+timeDescription.h */,
				742B91C51D4FB731000FF5A1 /* NSDate+timeDescription.m */,
			);
			path = CTAssetsPickerController;
			sourceTree = "<group>";
		};
		743F43471D55F0C500D06D19 /* Views */ = {
			isa = PBXGroup;
			children = (
				743F43481D55F0C500D06D19 /* HALocationPickerTextField.h */,
				743F43491D55F0C500D06D19 /* HALocationPickerTextField.m */,
				743F434C1D55F81500D06D19 /* HADiscountPickerTextField.h */,
				743F434D1D55F81500D06D19 /* HADiscountPickerTextField.m */,
			);
			path = Views;
			sourceTree = SOURCE_ROOT;
		};
/* End PBXGroup section */

/* Begin PBXHeadersBuildPhase section */
		742B91771D4FA836000FF5A1 /* Headers */ = {
			isa = PBXHeadersBuildPhase;
			buildActionMask = 2147483647;
			files = (
				742B91DF1D4FB731000FF5A1 /* CTAssetsGroupViewCell.h in Headers */,
				742B91C81D4FB731000FF5A1 /* HAHouseTableController.h in Headers */,
				7422D7991D53811C00ACB2B6 /* HATextView.h in Headers */,
				743F43451D55ED5900D06D19 /* HAPickerTextField.h in Headers */,
				742B91F21D4FB8A9000FF5A1 /* HOAViewController.h in Headers */,
				742B91E91D4FB731000FF5A1 /* CTAssetsViewCell.h in Headers */,
				742B917E1D4FA836000FF5A1 /* HOAKit.h in Headers */,
				742B91EE1D4FB731000FF5A1 /* NSDate+timeDescription.h in Headers */,
				742B91D21D4FB731000FF5A1 /* Toast+UIView.h in Headers */,
				743F43521D55F84F00D06D19 /* HADiscountDataSourceDelegate.h in Headers */,
				DBAE09281D506275008A85C4 /* HAHouseIntroduceViewController.h in Headers */,
				742B91D41D4FB731000FF5A1 /* HALeapBehavior.h in Headers */,
				742B91C61D4FB731000FF5A1 /* HAAddHousePhotoViewController.h in Headers */,
				742B91EB1D4FB731000FF5A1 /* CTAssetsViewController.h in Headers */,
				742B91E31D4FB731000FF5A1 /* CTAssetsPickerConstants.h in Headers */,
				742B91E71D4FB731000FF5A1 /* CTAssetsSupplementaryView.h in Headers */,
				743F434A1D55F0C500D06D19 /* HALocationPickerTextField.h in Headers */,
				742B91CA1D4FB731000FF5A1 /* HAHouseLocationViewController.h in Headers */,
				742B91DA1D4FB731000FF5A1 /* HALocationPoint.h in Headers */,
				743F43561D5600AA00D06D19 /* HAHouseInfoViewController.h in Headers */,
				743F434E1D55F81500D06D19 /* HADiscountPickerTextField.h in Headers */,
				742B91E11D4FB731000FF5A1 /* CTAssetsGroupViewController.h in Headers */,
				742B91D61D4FB731000FF5A1 /* HAFloatingButton.h in Headers */,
				DB8EF91B1D506E5F00EE8231 /* HAPriceAndTrandRulesTableController.h in Headers */,
				742B91D01D4FB731000FF5A1 /* CALayer+Additions.h in Headers */,
				742B91CE1D4FB731000FF5A1 /* HAPublishHouseInfoTableViewController.h in Headers */,
				743F43411D55EBD200D06D19 /* HAProvinceDataSourceDelegate.h in Headers */,
				742B91E51D4FB731000FF5A1 /* CTAssetsPickerController.h in Headers */,
				742B91DD1D4FB731000FF5A1 /* ALAssetsGroup+isEqual.h in Headers */,
				742B91CC1D4FB731000FF5A1 /* HAHouseTypeTableViewController.h in Headers */,
			);
			runOnlyForDeploymentPostprocessing = 0;
		};
/* End PBXHeadersBuildPhase section */

/* Begin PBXNativeTarget section */
		742B91791D4FA836000FF5A1 /* HOAKit */ = {
			isa = PBXNativeTarget;
			buildConfigurationList = 742B91821D4FA836000FF5A1 /* Build configuration list for PBXNativeTarget "HOAKit" */;
			buildPhases = (
				742B91751D4FA836000FF5A1 /* Sources */,
				742B91761D4FA836000FF5A1 /* Frameworks */,
				742B91771D4FA836000FF5A1 /* Headers */,
				742B91781D4FA836000FF5A1 /* Resources */,
				742B91931D4FB112000FF5A1 /* ShellScript */,
			);
			buildRules = (
			);
			dependencies = (
			);
			name = HOAKit;
			productName = HOAKit;
			productReference = 742B917A1D4FA836000FF5A1 /* HOAKit.framework */;
			productType = "com.apple.product-type.framework";
		};
/* End PBXNativeTarget section */

/* Begin PBXProject section */
		742B91711D4FA836000FF5A1 /* Project object */ = {
			isa = PBXProject;
			attributes = {
				LastUpgradeCheck = 0730;
				ORGANIZATIONNAME = birneysky;
				TargetAttributes = {
					742B91791D4FA836000FF5A1 = {
						CreatedOnToolsVersion = 7.3.1;
					};
				};
			};
			buildConfigurationList = 742B91741D4FA836000FF5A1 /* Build configuration list for PBXProject "HOAKit" */;
			compatibilityVersion = "Xcode 3.2";
			developmentRegion = English;
			hasScannedForEncodings = 0;
			knownRegions = (
				en,
			);
			mainGroup = 742B91701D4FA836000FF5A1;
			productRefGroup = 742B917B1D4FA836000FF5A1 /* Products */;
			projectDirPath = "";
			projectRoot = "";
			targets = (
				742B91791D4FA836000FF5A1 /* HOAKit */,
			);
		};
/* End PBXProject section */

/* Begin PBXResourcesBuildPhase section */
		742B91781D4FA836000FF5A1 /* Resources */ = {
			isa = PBXResourcesBuildPhase;
			buildActionMask = 2147483647;
			files = (
				DBAE09231D5043DF008A85C4 /* HOA.xcassets in Resources */,
				742B91ED1D4FB731000FF5A1 /* Images.xcassets in Resources */,
				742B91DC1D4FB731000FF5A1 /* House-owner-assistant.storyboard in Resources */,
				7425B80D1D50CBDF00288A46 /* province.json in Resources */,
			);
			runOnlyForDeploymentPostprocessing = 0;
		};
/* End PBXResourcesBuildPhase section */

/* Begin PBXShellScriptBuildPhase section */
		742B91931D4FB112000FF5A1 /* ShellScript */ = {
			isa = PBXShellScriptBuildPhase;
			buildActionMask = 12;
			files = (
			);
			inputPaths = (
			);
			outputPaths = (
			);
			runOnlyForDeploymentPostprocessing = 0;
			shellPath = /bin/sh;
			shellScript = "echo \"${BUILT_PRODUCTS_DIR}/${PRODUCT_NAME}.framework/\"\necho \"${SRCROOT}/HOA.xcassets\"\n\nTARGET_PATH=\"${BUILT_PRODUCTS_DIR}/${PRODUCT_NAME}.bundle\"\nTARGET_STORYBOARD_FILE=\"${BUILT_PRODUCTS_DIR}/${PRODUCT_NAME}.framework/*.storyboardc\"\nTARGET_ASSETS_FILE=\"${BUILT_PRODUCTS_DIR}/${PRODUCT_NAME}.framework/Assets.car\"\nTARGET_IMAGE_PATH=\"${SRCROOT}/HOA.xcassets\"\nTARGET_JSON_FILE=\"${SRCROOT}/HOAKit/province.json\"\nrm -rf ${TARGET_PATH}\nrm -rf ${TARGET_ASSETS_FILE}\nmkdir ${TARGET_PATH}\nmv ${TARGET_STORYBOARD_FILE} ${TARGET_PATH}\ncp ${TARGET_JSON_FILE} ${TARGET_PATH}\n\nfunction scandir() {\n    local cur_dir parent_dir workdir cur_file_name\n    workdir=$1\n    cd ${workdir}\n    if [ ${workdir} = \"/\" ]\n    then\n    cur_dir=\"\"\n    else\n    cur_dir=$(pwd)\n    fi\n    \n    for dirlist in $(ls ${cur_dir})\n    do\n    if test -d ${dirlist};then\n        cd ${dirlist}\n        scandir ${cur_dir}/${dirlist}\n        cd ..\n    else\n        cur_file_name=${cur_dir}/${dirlist}\n        if [[ $cur_file_name =~ \\.png$ ]]\n        then\n            cp ${cur_file_name} ${TARGET_PATH}\n        fi\n    fi\n    done\n}\n\nif test -d ${TARGET_IMAGE_PATH}\nthen\nscandir ${TARGET_IMAGE_PATH}\nelif test -f ${TARGET_IMAGE_PATH}\nthen\necho \"you input a file but not a directory,pls reinput and try again\"\nexit 1\nelse\necho \"the Directory isn't exist which you input,pls input a new one!!\"\nexit 1\nfi\n\n";
		};
/* End PBXShellScriptBuildPhase section */

/* Begin PBXSourcesBuildPhase section */
		742B91751D4FA836000FF5A1 /* Sources */ = {
			isa = PBXSourcesBuildPhase;
			buildActionMask = 2147483647;
			files = (
				742B91E61D4FB731000FF5A1 /* CTAssetsPickerController.m in Sources */,
				742B91EF1D4FB731000FF5A1 /* NSDate+timeDescription.m in Sources */,
				742B91DE1D4FB731000FF5A1 /* ALAssetsGroup+isEqual.m in Sources */,
				743F43421D55EBD200D06D19 /* HAProvinceDataSourceDelegate.m in Sources */,
				743F43571D5600AA00D06D19 /* HAHouseInfoViewController.m in Sources */,
				742B91DB1D4FB731000FF5A1 /* HALocationPoint.m in Sources */,
				743F43531D55F84F00D06D19 /* HADiscountDataSourceDelegate.m in Sources */,
				742B91EA1D4FB731000FF5A1 /* CTAssetsViewCell.m in Sources */,
				DBAE09251D504A4F008A85C4 /* HOAKit.m in Sources */,
				743F434F1D55F81500D06D19 /* HADiscountPickerTextField.m in Sources */,
				742B91EC1D4FB731000FF5A1 /* CTAssetsViewController.m in Sources */,
				742B91D31D4FB731000FF5A1 /* Toast+UIView.m in Sources */,
				742B91E81D4FB731000FF5A1 /* CTAssetsSupplementaryView.m in Sources */,
				742B91C91D4FB731000FF5A1 /* HAHouseTableController.m in Sources */,
				742B91E21D4FB731000FF5A1 /* CTAssetsGroupViewController.m in Sources */,
				742B91D11D4FB731000FF5A1 /* CALayer+Additions.m in Sources */,
				7422D79A1D53811C00ACB2B6 /* HATextView.m in Sources */,
				742B91CD1D4FB731000FF5A1 /* HAHouseTypeTableViewController.m in Sources */,
				743F434B1D55F0C500D06D19 /* HALocationPickerTextField.m in Sources */,
				742B91F31D4FB8A9000FF5A1 /* HOAViewController.m in Sources */,
				DB8EF91C1D506E5F00EE8231 /* HAPriceAndTrandRulesTableController.m in Sources */,
				743F43461D55ED5900D06D19 /* HAPickerTextField.m in Sources */,
				742B91E41D4FB731000FF5A1 /* CTAssetsPickerConstants.m in Sources */,
				742B91D51D4FB731000FF5A1 /* HALeapBehavior.m in Sources */,
				DBAE09291D506275008A85C4 /* HAHouseIntroduceViewController.m in Sources */,
				742B91C71D4FB731000FF5A1 /* HAAddHousePhotoViewController.m in Sources */,
				742B91CB1D4FB731000FF5A1 /* HAHouseLocationViewController.m in Sources */,
				742B91D71D4FB731000FF5A1 /* HAFloatingButton.m in Sources */,
				742B91E01D4FB731000FF5A1 /* CTAssetsGroupViewCell.m in Sources */,
				742B91CF1D4FB731000FF5A1 /* HAPublishHouseInfoTableViewController.m in Sources */,
			);
			runOnlyForDeploymentPostprocessing = 0;
		};
/* End PBXSourcesBuildPhase section */

/* Begin XCBuildConfiguration section */
		742B91801D4FA836000FF5A1 /* Debug */ = {
			isa = XCBuildConfiguration;
			buildSettings = {
				ALWAYS_SEARCH_USER_PATHS = NO;
				CLANG_ANALYZER_NONNULL = YES;
				CLANG_CXX_LANGUAGE_STANDARD = "gnu++0x";
				CLANG_CXX_LIBRARY = "libc++";
				CLANG_ENABLE_MODULES = YES;
				CLANG_ENABLE_OBJC_ARC = YES;
				CLANG_WARN_BOOL_CONVERSION = YES;
				CLANG_WARN_CONSTANT_CONVERSION = YES;
				CLANG_WARN_DIRECT_OBJC_ISA_USAGE = YES_ERROR;
				CLANG_WARN_EMPTY_BODY = YES;
				CLANG_WARN_ENUM_CONVERSION = YES;
				CLANG_WARN_INT_CONVERSION = YES;
				CLANG_WARN_OBJC_ROOT_CLASS = YES_ERROR;
				CLANG_WARN_UNREACHABLE_CODE = YES;
				CLANG_WARN__DUPLICATE_METHOD_MATCH = YES;
				"CODE_SIGN_IDENTITY[sdk=iphoneos*]" = "iPhone Developer";
				COPY_PHASE_STRIP = NO;
				CURRENT_PROJECT_VERSION = 1;
				DEBUG_INFORMATION_FORMAT = dwarf;
				ENABLE_STRICT_OBJC_MSGSEND = YES;
				ENABLE_TESTABILITY = YES;
				GCC_C_LANGUAGE_STANDARD = gnu99;
				GCC_DYNAMIC_NO_PIC = NO;
				GCC_NO_COMMON_BLOCKS = YES;
				GCC_OPTIMIZATION_LEVEL = 0;
				GCC_PREPROCESSOR_DEFINITIONS = (
					"DEBUG=1",
					"$(inherited)",
				);
				GCC_WARN_64_TO_32_BIT_CONVERSION = YES;
				GCC_WARN_ABOUT_RETURN_TYPE = YES_ERROR;
				GCC_WARN_UNDECLARED_SELECTOR = YES;
				GCC_WARN_UNINITIALIZED_AUTOS = YES_AGGRESSIVE;
				GCC_WARN_UNUSED_FUNCTION = YES;
				GCC_WARN_UNUSED_VARIABLE = YES;
				IPHONEOS_DEPLOYMENT_TARGET = 9.3;
				MTL_ENABLE_DEBUG_INFO = YES;
				ONLY_ACTIVE_ARCH = YES;
				SDKROOT = iphoneos;
				TARGETED_DEVICE_FAMILY = "1,2";
				VERSIONING_SYSTEM = "apple-generic";
				VERSION_INFO_PREFIX = "";
			};
			name = Debug;
		};
		742B91811D4FA836000FF5A1 /* Release */ = {
			isa = XCBuildConfiguration;
			buildSettings = {
				ALWAYS_SEARCH_USER_PATHS = NO;
				CLANG_ANALYZER_NONNULL = YES;
				CLANG_CXX_LANGUAGE_STANDARD = "gnu++0x";
				CLANG_CXX_LIBRARY = "libc++";
				CLANG_ENABLE_MODULES = YES;
				CLANG_ENABLE_OBJC_ARC = YES;
				CLANG_WARN_BOOL_CONVERSION = YES;
				CLANG_WARN_CONSTANT_CONVERSION = YES;
				CLANG_WARN_DIRECT_OBJC_ISA_USAGE = YES_ERROR;
				CLANG_WARN_EMPTY_BODY = YES;
				CLANG_WARN_ENUM_CONVERSION = YES;
				CLANG_WARN_INT_CONVERSION = YES;
				CLANG_WARN_OBJC_ROOT_CLASS = YES_ERROR;
				CLANG_WARN_UNREACHABLE_CODE = YES;
				CLANG_WARN__DUPLICATE_METHOD_MATCH = YES;
				"CODE_SIGN_IDENTITY[sdk=iphoneos*]" = "iPhone Developer";
				COPY_PHASE_STRIP = NO;
				CURRENT_PROJECT_VERSION = 1;
				DEBUG_INFORMATION_FORMAT = "dwarf-with-dsym";
				ENABLE_NS_ASSERTIONS = NO;
				ENABLE_STRICT_OBJC_MSGSEND = YES;
				GCC_C_LANGUAGE_STANDARD = gnu99;
				GCC_NO_COMMON_BLOCKS = YES;
				GCC_WARN_64_TO_32_BIT_CONVERSION = YES;
				GCC_WARN_ABOUT_RETURN_TYPE = YES_ERROR;
				GCC_WARN_UNDECLARED_SELECTOR = YES;
				GCC_WARN_UNINITIALIZED_AUTOS = YES_AGGRESSIVE;
				GCC_WARN_UNUSED_FUNCTION = YES;
				GCC_WARN_UNUSED_VARIABLE = YES;
				IPHONEOS_DEPLOYMENT_TARGET = 9.3;
				MTL_ENABLE_DEBUG_INFO = NO;
				SDKROOT = iphoneos;
				TARGETED_DEVICE_FAMILY = "1,2";
				VALIDATE_PRODUCT = YES;
				VERSIONING_SYSTEM = "apple-generic";
				VERSION_INFO_PREFIX = "";
			};
			name = Release;
		};
		742B91831D4FA836000FF5A1 /* Debug */ = {
			isa = XCBuildConfiguration;
			buildSettings = {
				CONFIGURATION_BUILD_DIR = "$(SRCROOT)/../";
				DEFINES_MODULE = YES;
				DYLIB_COMPATIBILITY_VERSION = 1;
				DYLIB_CURRENT_VERSION = 1;
				DYLIB_INSTALL_NAME_BASE = "@rpath";
				INFOPLIST_FILE = HOAKit/Info.plist;
				INSTALL_PATH = "$(LOCAL_LIBRARY_DIR)/Frameworks";
				IPHONEOS_DEPLOYMENT_TARGET = 7.0;
				LD_RUNPATH_SEARCH_PATHS = "$(inherited) @executable_path/Frameworks @loader_path/Frameworks";
				MACH_O_TYPE = staticlib;
				PRODUCT_BUNDLE_IDENTIFIER = com.birneysky.HOAKit;
				PRODUCT_NAME = "$(TARGET_NAME)";
				SKIP_INSTALL = YES;
				TARGETED_DEVICE_FAMILY = "1,2";
			};
			name = Debug;
		};
		742B91841D4FA836000FF5A1 /* Release */ = {
			isa = XCBuildConfiguration;
			buildSettings = {
				CONFIGURATION_BUILD_DIR = "$(SRCROOT)/../";
				DEFINES_MODULE = YES;
				DYLIB_COMPATIBILITY_VERSION = 1;
				DYLIB_CURRENT_VERSION = 1;
				DYLIB_INSTALL_NAME_BASE = "@rpath";
				INFOPLIST_FILE = HOAKit/Info.plist;
				INSTALL_PATH = "$(LOCAL_LIBRARY_DIR)/Frameworks";
				IPHONEOS_DEPLOYMENT_TARGET = 7.0;
				LD_RUNPATH_SEARCH_PATHS = "$(inherited) @executable_path/Frameworks @loader_path/Frameworks";
				MACH_O_TYPE = staticlib;
				PRODUCT_BUNDLE_IDENTIFIER = com.birneysky.HOAKit;
				PRODUCT_NAME = "$(TARGET_NAME)";
				SKIP_INSTALL = YES;
				TARGETED_DEVICE_FAMILY = "1,2";
			};
			name = Release;
		};
/* End XCBuildConfiguration section */

/* Begin XCConfigurationList section */
		742B91741D4FA836000FF5A1 /* Build configuration list for PBXProject "HOAKit" */ = {
			isa = XCConfigurationList;
			buildConfigurations = (
				742B91801D4FA836000FF5A1 /* Debug */,
				742B91811D4FA836000FF5A1 /* Release */,
			);
			defaultConfigurationIsVisible = 0;
			defaultConfigurationName = Release;
		};
		742B91821D4FA836000FF5A1 /* Build configuration list for PBXNativeTarget "HOAKit" */ = {
			isa = XCConfigurationList;
			buildConfigurations = (
				742B91831D4FA836000FF5A1 /* Debug */,
				742B91841D4FA836000FF5A1 /* Release */,
			);
			defaultConfigurationIsVisible = 0;
			defaultConfigurationName = Release;
		};
/* End XCConfigurationList section */
	};
	rootObject = 742B91711D4FA836000FF5A1 /* Project object */;
}
