// !$*UTF8*$!
{
	archiveVersion = 1;
	classes = {
	};
	objectVersion = 46;
	objects = {

/* Begin PBXBuildFile section */
		742B916C1D4CA603000FF5A1 /* Main.storyboard in Resources */ = {isa = PBXBuildFile; fileRef = 742B916B1D4CA603000FF5A1 /* Main.storyboard */; };
		742B916F1D4CA7D7000FF5A1 /* ViewController.m in Sources */ = {isa = PBXBuildFile; fileRef = 742B916E1D4CA7D7000FF5A1 /* ViewController.m */; };
		DB32CE6F1D48893000F6FDA0 /* main.m in Sources */ = {isa = PBXBuildFile; fileRef = DB32CE6E1D48893000F6FDA0 /* main.m */; };
		DB32CE721D48893000F6FDA0 /* HAAppDelegate.m in Sources */ = {isa = PBXBuildFile; fileRef = DB32CE711D48893000F6FDA0 /* HAAppDelegate.m */; };
		DB32CE7B1D48893000F6FDA0 /* House_owner_assistant.xcdatamodeld in Sources */ = {isa = PBXBuildFile; fileRef = DB32CE791D48893000F6FDA0 /* House_owner_assistant.xcdatamodeld */; };
		DB32CE7D1D48893000F6FDA0 /* Assets.xcassets in Resources */ = {isa = PBXBuildFile; fileRef = DB32CE7C1D48893000F6FDA0 /* Assets.xcassets */; };
		DB32CE801D48893000F6FDA0 /* LaunchScreen.storyboard in Resources */ = {isa = PBXBuildFile; fileRef = DB32CE7E1D48893000F6FDA0 /* LaunchScreen.storyboard */; };
		DB32CE8B1D48893000F6FDA0 /* House_owner_assistantTests.m in Sources */ = {isa = PBXBuildFile; fileRef = DB32CE8A1D48893000F6FDA0 /* House_owner_assistantTests.m */; };
		DB32CE961D48893000F6FDA0 /* House_owner_assistantUITests.m in Sources */ = {isa = PBXBuildFile; fileRef = DB32CE951D48893000F6FDA0 /* House_owner_assistantUITests.m */; };
		DB32CEA41D488FB200F6FDA0 /* MapKit.framework in Frameworks */ = {isa = PBXBuildFile; fileRef = DB32CEA31D488FB200F6FDA0 /* MapKit.framework */; };
		DB32CEA61D4891AE00F6FDA0 /* CoreLocation.framework in Frameworks */ = {isa = PBXBuildFile; fileRef = DB32CEA51D4891AE00F6FDA0 /* CoreLocation.framework */; };
		DBAE08DD1D4F1B84008A85C4 /* HAAddHousePhotoViewController.m in Sources */ = {isa = PBXBuildFile; fileRef = DBAE08D41D4F1B84008A85C4 /* HAAddHousePhotoViewController.m */; };
		DBAE08DE1D4F1B84008A85C4 /* HAHouseInfoTableController.m in Sources */ = {isa = PBXBuildFile; fileRef = DBAE08D61D4F1B84008A85C4 /* HAHouseInfoTableController.m */; };
		DBAE08DF1D4F1B84008A85C4 /* HAHouseLocationViewController.m in Sources */ = {isa = PBXBuildFile; fileRef = DBAE08D81D4F1B84008A85C4 /* HAHouseLocationViewController.m */; };
		DBAE08E01D4F1B84008A85C4 /* HAHouseTypeTableViewController.m in Sources */ = {isa = PBXBuildFile; fileRef = DBAE08DA1D4F1B84008A85C4 /* HAHouseTypeTableViewController.m */; };
		DBAE08E11D4F1B84008A85C4 /* HAPublishHouseInfoTableViewController.m in Sources */ = {isa = PBXBuildFile; fileRef = DBAE08DC1D4F1B84008A85C4 /* HAPublishHouseInfoTableViewController.m */; };
		DBAE08E61D4F1B97008A85C4 /* HALocationPoint.m in Sources */ = {isa = PBXBuildFile; fileRef = DBAE08E41D4F1B97008A85C4 /* HALocationPoint.m */; };
		DBAE08E71D4F1B97008A85C4 /* House-owner-assistant.storyboard in Resources */ = {isa = PBXBuildFile; fileRef = DBAE08E51D4F1B97008A85C4 /* House-owner-assistant.storyboard */; };
		DBAE08F41D4F1B9F008A85C4 /* CALayer+Additions.m in Sources */ = {isa = PBXBuildFile; fileRef = DBAE08EB1D4F1B9F008A85C4 /* CALayer+Additions.m */; };
		DBAE08F51D4F1B9F008A85C4 /* HALeapBehavior.m in Sources */ = {isa = PBXBuildFile; fileRef = DBAE08EE1D4F1B9F008A85C4 /* HALeapBehavior.m */; };
		DBAE08F61D4F1B9F008A85C4 /* HAFloatingButton.m in Sources */ = {isa = PBXBuildFile; fileRef = DBAE08F11D4F1B9F008A85C4 /* HAFloatingButton.m */; };
		DBAE08F71D4F1B9F008A85C4 /* HALocationPickerTextField.m in Sources */ = {isa = PBXBuildFile; fileRef = DBAE08F31D4F1B9F008A85C4 /* HALocationPickerTextField.m */; };
		DBAE08FC1D4F291B008A85C4 /* AVFoundation.framework in Frameworks */ = {isa = PBXBuildFile; fileRef = DBAE08FB1D4F291B008A85C4 /* AVFoundation.framework */; };
		DBAE09111D4F4B6D008A85C4 /* ALAssetsGroup+isEqual.m in Sources */ = {isa = PBXBuildFile; fileRef = DBAE08FF1D4F4B6D008A85C4 /* ALAssetsGroup+isEqual.m */; };
		DBAE09121D4F4B6D008A85C4 /* CTAssetsGroupViewCell.m in Sources */ = {isa = PBXBuildFile; fileRef = DBAE09011D4F4B6D008A85C4 /* CTAssetsGroupViewCell.m */; };
		DBAE09131D4F4B6D008A85C4 /* CTAssetsGroupViewController.m in Sources */ = {isa = PBXBuildFile; fileRef = DBAE09031D4F4B6D008A85C4 /* CTAssetsGroupViewController.m */; };
		DBAE09141D4F4B6D008A85C4 /* CTAssetsPickerConstants.m in Sources */ = {isa = PBXBuildFile; fileRef = DBAE09051D4F4B6D008A85C4 /* CTAssetsPickerConstants.m */; };
		DBAE09151D4F4B6D008A85C4 /* CTAssetsPickerController.m in Sources */ = {isa = PBXBuildFile; fileRef = DBAE09071D4F4B6D008A85C4 /* CTAssetsPickerController.m */; };
		DBAE09161D4F4B6D008A85C4 /* CTAssetsSupplementaryView.m in Sources */ = {isa = PBXBuildFile; fileRef = DBAE09091D4F4B6D008A85C4 /* CTAssetsSupplementaryView.m */; };
		DBAE09171D4F4B6D008A85C4 /* CTAssetsViewCell.m in Sources */ = {isa = PBXBuildFile; fileRef = DBAE090B1D4F4B6D008A85C4 /* CTAssetsViewCell.m */; };
		DBAE09181D4F4B6D008A85C4 /* CTAssetsViewController.m in Sources */ = {isa = PBXBuildFile; fileRef = DBAE090D1D4F4B6D008A85C4 /* CTAssetsViewController.m */; };
		DBAE09191D4F4B6D008A85C4 /* Images.xcassets in Resources */ = {isa = PBXBuildFile; fileRef = DBAE090E1D4F4B6D008A85C4 /* Images.xcassets */; };
		DBAE091A1D4F4B6D008A85C4 /* NSDate+timeDescription.m in Sources */ = {isa = PBXBuildFile; fileRef = DBAE09101D4F4B6D008A85C4 /* NSDate+timeDescription.m */; };
/* End PBXBuildFile section */

/* Begin PBXContainerItemProxy section */
		DB32CE871D48893000F6FDA0 /* PBXContainerItemProxy */ = {
			isa = PBXContainerItemProxy;
			containerPortal = DB32CE621D48893000F6FDA0 /* Project object */;
			proxyType = 1;
			remoteGlobalIDString = DB32CE691D48893000F6FDA0;
			remoteInfo = "House-owner-assistant";
		};
		DB32CE921D48893000F6FDA0 /* PBXContainerItemProxy */ = {
			isa = PBXContainerItemProxy;
			containerPortal = DB32CE621D48893000F6FDA0 /* Project object */;
			proxyType = 1;
			remoteGlobalIDString = DB32CE691D48893000F6FDA0;
			remoteInfo = "House-owner-assistant";
		};
/* End PBXContainerItemProxy section */

/* Begin PBXFileReference section */
		742B916B1D4CA603000FF5A1 /* Main.storyboard */ = {isa = PBXFileReference; fileEncoding = 4; lastKnownFileType = file.storyboard; path = Main.storyboard; sourceTree = "<group>"; };
		742B916D1D4CA7D7000FF5A1 /* ViewController.h */ = {isa = PBXFileReference; fileEncoding = 4; lastKnownFileType = sourcecode.c.h; path = ViewController.h; sourceTree = "<group>"; };
		742B916E1D4CA7D7000FF5A1 /* ViewController.m */ = {isa = PBXFileReference; fileEncoding = 4; lastKnownFileType = sourcecode.c.objc; path = ViewController.m; sourceTree = "<group>"; };
		DB32CE6A1D48893000F6FDA0 /* House-owner-assistant.app */ = {isa = PBXFileReference; explicitFileType = wrapper.application; includeInIndex = 0; path = "House-owner-assistant.app"; sourceTree = BUILT_PRODUCTS_DIR; };
		DB32CE6E1D48893000F6FDA0 /* main.m */ = {isa = PBXFileReference; lastKnownFileType = sourcecode.c.objc; path = main.m; sourceTree = "<group>"; };
		DB32CE701D48893000F6FDA0 /* HAAppDelegate.h */ = {isa = PBXFileReference; lastKnownFileType = sourcecode.c.h; path = HAAppDelegate.h; sourceTree = "<group>"; };
		DB32CE711D48893000F6FDA0 /* HAAppDelegate.m */ = {isa = PBXFileReference; lastKnownFileType = sourcecode.c.objc; path = HAAppDelegate.m; sourceTree = "<group>"; };
		DB32CE7A1D48893000F6FDA0 /* House_owner_assistant.xcdatamodel */ = {isa = PBXFileReference; lastKnownFileType = wrapper.xcdatamodel; path = House_owner_assistant.xcdatamodel; sourceTree = "<group>"; };
		DB32CE7C1D48893000F6FDA0 /* Assets.xcassets */ = {isa = PBXFileReference; lastKnownFileType = folder.assetcatalog; path = Assets.xcassets; sourceTree = "<group>"; };
		DB32CE7F1D48893000F6FDA0 /* Base */ = {isa = PBXFileReference; lastKnownFileType = file.storyboard; name = Base; path = Base.lproj/LaunchScreen.storyboard; sourceTree = "<group>"; };
		DB32CE811D48893000F6FDA0 /* Info.plist */ = {isa = PBXFileReference; lastKnownFileType = text.plist.xml; path = Info.plist; sourceTree = "<group>"; };
		DB32CE861D48893000F6FDA0 /* House-owner-assistantTests.xctest */ = {isa = PBXFileReference; explicitFileType = wrapper.cfbundle; includeInIndex = 0; path = "House-owner-assistantTests.xctest"; sourceTree = BUILT_PRODUCTS_DIR; };
		DB32CE8A1D48893000F6FDA0 /* House_owner_assistantTests.m */ = {isa = PBXFileReference; lastKnownFileType = sourcecode.c.objc; path = House_owner_assistantTests.m; sourceTree = "<group>"; };
		DB32CE8C1D48893000F6FDA0 /* Info.plist */ = {isa = PBXFileReference; lastKnownFileType = text.plist.xml; path = Info.plist; sourceTree = "<group>"; };
		DB32CE911D48893000F6FDA0 /* House-owner-assistantUITests.xctest */ = {isa = PBXFileReference; explicitFileType = wrapper.cfbundle; includeInIndex = 0; path = "House-owner-assistantUITests.xctest"; sourceTree = BUILT_PRODUCTS_DIR; };
		DB32CE951D48893000F6FDA0 /* House_owner_assistantUITests.m */ = {isa = PBXFileReference; lastKnownFileType = sourcecode.c.objc; path = House_owner_assistantUITests.m; sourceTree = "<group>"; };
		DB32CE971D48893000F6FDA0 /* Info.plist */ = {isa = PBXFileReference; lastKnownFileType = text.plist.xml; path = Info.plist; sourceTree = "<group>"; };
		DB32CEA31D488FB200F6FDA0 /* MapKit.framework */ = {isa = PBXFileReference; lastKnownFileType = wrapper.framework; name = MapKit.framework; path = System/Library/Frameworks/MapKit.framework; sourceTree = SDKROOT; };
		DB32CEA51D4891AE00F6FDA0 /* CoreLocation.framework */ = {isa = PBXFileReference; lastKnownFileType = wrapper.framework; name = CoreLocation.framework; path = System/Library/Frameworks/CoreLocation.framework; sourceTree = SDKROOT; };
		DBAE08D31D4F1B84008A85C4 /* HAAddHousePhotoViewController.h */ = {isa = PBXFileReference; fileEncoding = 4; lastKnownFileType = sourcecode.c.h; path = HAAddHousePhotoViewController.h; sourceTree = "<group>"; };
		DBAE08D41D4F1B84008A85C4 /* HAAddHousePhotoViewController.m */ = {isa = PBXFileReference; fileEncoding = 4; lastKnownFileType = sourcecode.c.objc; path = HAAddHousePhotoViewController.m; sourceTree = "<group>"; };
		DBAE08D51D4F1B84008A85C4 /* HAHouseInfoTableController.h */ = {isa = PBXFileReference; fileEncoding = 4; lastKnownFileType = sourcecode.c.h; path = HAHouseInfoTableController.h; sourceTree = "<group>"; };
		DBAE08D61D4F1B84008A85C4 /* HAHouseInfoTableController.m */ = {isa = PBXFileReference; fileEncoding = 4; lastKnownFileType = sourcecode.c.objc; path = HAHouseInfoTableController.m; sourceTree = "<group>"; };
		DBAE08D71D4F1B84008A85C4 /* HAHouseLocationViewController.h */ = {isa = PBXFileReference; fileEncoding = 4; lastKnownFileType = sourcecode.c.h; path = HAHouseLocationViewController.h; sourceTree = "<group>"; };
		DBAE08D81D4F1B84008A85C4 /* HAHouseLocationViewController.m */ = {isa = PBXFileReference; fileEncoding = 4; lastKnownFileType = sourcecode.c.objc; path = HAHouseLocationViewController.m; sourceTree = "<group>"; };
		DBAE08D91D4F1B84008A85C4 /* HAHouseTypeTableViewController.h */ = {isa = PBXFileReference; fileEncoding = 4; lastKnownFileType = sourcecode.c.h; path = HAHouseTypeTableViewController.h; sourceTree = "<group>"; };
		DBAE08DA1D4F1B84008A85C4 /* HAHouseTypeTableViewController.m */ = {isa = PBXFileReference; fileEncoding = 4; lastKnownFileType = sourcecode.c.objc; path = HAHouseTypeTableViewController.m; sourceTree = "<group>"; };
		DBAE08DB1D4F1B84008A85C4 /* HAPublishHouseInfoTableViewController.h */ = {isa = PBXFileReference; fileEncoding = 4; lastKnownFileType = sourcecode.c.h; path = HAPublishHouseInfoTableViewController.h; sourceTree = "<group>"; };
		DBAE08DC1D4F1B84008A85C4 /* HAPublishHouseInfoTableViewController.m */ = {isa = PBXFileReference; fileEncoding = 4; lastKnownFileType = sourcecode.c.objc; path = HAPublishHouseInfoTableViewController.m; sourceTree = "<group>"; };
		DBAE08E31D4F1B97008A85C4 /* HALocationPoint.h */ = {isa = PBXFileReference; fileEncoding = 4; lastKnownFileType = sourcecode.c.h; path = HALocationPoint.h; sourceTree = "<group>"; };
		DBAE08E41D4F1B97008A85C4 /* HALocationPoint.m */ = {isa = PBXFileReference; fileEncoding = 4; lastKnownFileType = sourcecode.c.objc; path = HALocationPoint.m; sourceTree = "<group>"; };
		DBAE08E51D4F1B97008A85C4 /* House-owner-assistant.storyboard */ = {isa = PBXFileReference; fileEncoding = 4; lastKnownFileType = file.storyboard; path = "House-owner-assistant.storyboard"; sourceTree = "<group>"; };
		DBAE08EA1D4F1B9F008A85C4 /* CALayer+Additions.h */ = {isa = PBXFileReference; fileEncoding = 4; lastKnownFileType = sourcecode.c.h; path = "CALayer+Additions.h"; sourceTree = "<group>"; };
		DBAE08EB1D4F1B9F008A85C4 /* CALayer+Additions.m */ = {isa = PBXFileReference; fileEncoding = 4; lastKnownFileType = sourcecode.c.objc; path = "CALayer+Additions.m"; sourceTree = "<group>"; };
		DBAE08ED1D4F1B9F008A85C4 /* HALeapBehavior.h */ = {isa = PBXFileReference; fileEncoding = 4; lastKnownFileType = sourcecode.c.h; path = HALeapBehavior.h; sourceTree = "<group>"; };
		DBAE08EE1D4F1B9F008A85C4 /* HALeapBehavior.m */ = {isa = PBXFileReference; fileEncoding = 4; lastKnownFileType = sourcecode.c.objc; path = HALeapBehavior.m; sourceTree = "<group>"; };
		DBAE08F01D4F1B9F008A85C4 /* HAFloatingButton.h */ = {isa = PBXFileReference; fileEncoding = 4; lastKnownFileType = sourcecode.c.h; path = HAFloatingButton.h; sourceTree = "<group>"; };
		DBAE08F11D4F1B9F008A85C4 /* HAFloatingButton.m */ = {isa = PBXFileReference; fileEncoding = 4; lastKnownFileType = sourcecode.c.objc; path = HAFloatingButton.m; sourceTree = "<group>"; };
		DBAE08F21D4F1B9F008A85C4 /* HALocationPickerTextField.h */ = {isa = PBXFileReference; fileEncoding = 4; lastKnownFileType = sourcecode.c.h; path = HALocationPickerTextField.h; sourceTree = "<group>"; };
		DBAE08F31D4F1B9F008A85C4 /* HALocationPickerTextField.m */ = {isa = PBXFileReference; fileEncoding = 4; lastKnownFileType = sourcecode.c.objc; path = HALocationPickerTextField.m; sourceTree = "<group>"; };
		DBAE08FB1D4F291B008A85C4 /* AVFoundation.framework */ = {isa = PBXFileReference; lastKnownFileType = wrapper.framework; name = AVFoundation.framework; path = System/Library/Frameworks/AVFoundation.framework; sourceTree = SDKROOT; };
		DBAE08FE1D4F4B6D008A85C4 /* ALAssetsGroup+isEqual.h */ = {isa = PBXFileReference; fileEncoding = 4; lastKnownFileType = sourcecode.c.h; path = "ALAssetsGroup+isEqual.h"; sourceTree = "<group>"; };
		DBAE08FF1D4F4B6D008A85C4 /* ALAssetsGroup+isEqual.m */ = {isa = PBXFileReference; fileEncoding = 4; lastKnownFileType = sourcecode.c.objc; path = "ALAssetsGroup+isEqual.m"; sourceTree = "<group>"; };
		DBAE09001D4F4B6D008A85C4 /* CTAssetsGroupViewCell.h */ = {isa = PBXFileReference; fileEncoding = 4; lastKnownFileType = sourcecode.c.h; path = CTAssetsGroupViewCell.h; sourceTree = "<group>"; };
		DBAE09011D4F4B6D008A85C4 /* CTAssetsGroupViewCell.m */ = {isa = PBXFileReference; fileEncoding = 4; lastKnownFileType = sourcecode.c.objc; path = CTAssetsGroupViewCell.m; sourceTree = "<group>"; };
		DBAE09021D4F4B6D008A85C4 /* CTAssetsGroupViewController.h */ = {isa = PBXFileReference; fileEncoding = 4; lastKnownFileType = sourcecode.c.h; path = CTAssetsGroupViewController.h; sourceTree = "<group>"; };
		DBAE09031D4F4B6D008A85C4 /* CTAssetsGroupViewController.m */ = {isa = PBXFileReference; fileEncoding = 4; lastKnownFileType = sourcecode.c.objc; path = CTAssetsGroupViewController.m; sourceTree = "<group>"; };
		DBAE09041D4F4B6D008A85C4 /* CTAssetsPickerConstants.h */ = {isa = PBXFileReference; fileEncoding = 4; lastKnownFileType = sourcecode.c.h; path = CTAssetsPickerConstants.h; sourceTree = "<group>"; };
		DBAE09051D4F4B6D008A85C4 /* CTAssetsPickerConstants.m */ = {isa = PBXFileReference; fileEncoding = 4; lastKnownFileType = sourcecode.c.objc; path = CTAssetsPickerConstants.m; sourceTree = "<group>"; };
		DBAE09061D4F4B6D008A85C4 /* CTAssetsPickerController.h */ = {isa = PBXFileReference; fileEncoding = 4; lastKnownFileType = sourcecode.c.h; path = CTAssetsPickerController.h; sourceTree = "<group>"; };
		DBAE09071D4F4B6D008A85C4 /* CTAssetsPickerController.m */ = {isa = PBXFileReference; fileEncoding = 4; lastKnownFileType = sourcecode.c.objc; path = CTAssetsPickerController.m; sourceTree = "<group>"; };
		DBAE09081D4F4B6D008A85C4 /* CTAssetsSupplementaryView.h */ = {isa = PBXFileReference; fileEncoding = 4; lastKnownFileType = sourcecode.c.h; path = CTAssetsSupplementaryView.h; sourceTree = "<group>"; };
		DBAE09091D4F4B6D008A85C4 /* CTAssetsSupplementaryView.m */ = {isa = PBXFileReference; fileEncoding = 4; lastKnownFileType = sourcecode.c.objc; path = CTAssetsSupplementaryView.m; sourceTree = "<group>"; };
		DBAE090A1D4F4B6D008A85C4 /* CTAssetsViewCell.h */ = {isa = PBXFileReference; fileEncoding = 4; lastKnownFileType = sourcecode.c.h; path = CTAssetsViewCell.h; sourceTree = "<group>"; };
		DBAE090B1D4F4B6D008A85C4 /* CTAssetsViewCell.m */ = {isa = PBXFileReference; fileEncoding = 4; lastKnownFileType = sourcecode.c.objc; path = CTAssetsViewCell.m; sourceTree = "<group>"; };
		DBAE090C1D4F4B6D008A85C4 /* CTAssetsViewController.h */ = {isa = PBXFileReference; fileEncoding = 4; lastKnownFileType = sourcecode.c.h; path = CTAssetsViewController.h; sourceTree = "<group>"; };
		DBAE090D1D4F4B6D008A85C4 /* CTAssetsViewController.m */ = {isa = PBXFileReference; fileEncoding = 4; lastKnownFileType = sourcecode.c.objc; path = CTAssetsViewController.m; sourceTree = "<group>"; };
		DBAE090E1D4F4B6D008A85C4 /* Images.xcassets */ = {isa = PBXFileReference; lastKnownFileType = folder.assetcatalog; path = Images.xcassets; sourceTree = "<group>"; };
		DBAE090F1D4F4B6D008A85C4 /* NSDate+timeDescription.h */ = {isa = PBXFileReference; fileEncoding = 4; lastKnownFileType = sourcecode.c.h; path = "NSDate+timeDescription.h"; sourceTree = "<group>"; };
		DBAE09101D4F4B6D008A85C4 /* NSDate+timeDescription.m */ = {isa = PBXFileReference; fileEncoding = 4; lastKnownFileType = sourcecode.c.objc; path = "NSDate+timeDescription.m"; sourceTree = "<group>"; };
/* End PBXFileReference section */

/* Begin PBXFrameworksBuildPhase section */
		DB32CE671D48893000F6FDA0 /* Frameworks */ = {
			isa = PBXFrameworksBuildPhase;
			buildActionMask = 2147483647;
			files = (
				DBAE08FC1D4F291B008A85C4 /* AVFoundation.framework in Frameworks */,
				DB32CEA61D4891AE00F6FDA0 /* CoreLocation.framework in Frameworks */,
				DB32CEA41D488FB200F6FDA0 /* MapKit.framework in Frameworks */,
			);
			runOnlyForDeploymentPostprocessing = 0;
		};
		DB32CE831D48893000F6FDA0 /* Frameworks */ = {
			isa = PBXFrameworksBuildPhase;
			buildActionMask = 2147483647;
			files = (
			);
			runOnlyForDeploymentPostprocessing = 0;
		};
		DB32CE8E1D48893000F6FDA0 /* Frameworks */ = {
			isa = PBXFrameworksBuildPhase;
			buildActionMask = 2147483647;
			files = (
			);
			runOnlyForDeploymentPostprocessing = 0;
		};
/* End PBXFrameworksBuildPhase section */

/* Begin PBXGroup section */
		DB32CE611D48893000F6FDA0 = {
			isa = PBXGroup;
			children = (
				DB32CEA71D4891BC00F6FDA0 /* Frameworks */,
				DB32CE6C1D48893000F6FDA0 /* House-owner-assistant */,
				DB32CE891D48893000F6FDA0 /* House-owner-assistantTests */,
				DB32CE941D48893000F6FDA0 /* House-owner-assistantUITests */,
				DB32CE6B1D48893000F6FDA0 /* Products */,
			);
			sourceTree = "<group>";
		};
		DB32CE6B1D48893000F6FDA0 /* Products */ = {
			isa = PBXGroup;
			children = (
				DB32CE6A1D48893000F6FDA0 /* House-owner-assistant.app */,
				DB32CE861D48893000F6FDA0 /* House-owner-assistantTests.xctest */,
				DB32CE911D48893000F6FDA0 /* House-owner-assistantUITests.xctest */,
			);
			name = Products;
			sourceTree = "<group>";
		};
		DB32CE6C1D48893000F6FDA0 /* House-owner-assistant */ = {
			isa = PBXGroup;
			children = (
				DBAE08FA1D4F1BC9008A85C4 /* Views */,
				DBAE08F91D4F1BB7008A85C4 /* Vendors */,
				DBAE08F81D4F1BAA008A85C4 /* Helpers */,
				DBAE08E81D4F1B9F008A85C4 /* General */,
				DBAE08E21D4F1B97008A85C4 /* Models */,
				DBAE08D21D4F1B84008A85C4 /* Controllers */,
				DB32CE701D48893000F6FDA0 /* HAAppDelegate.h */,
				DB32CE711D48893000F6FDA0 /* HAAppDelegate.m */,
				742B916D1D4CA7D7000FF5A1 /* ViewController.h */,
				742B916E1D4CA7D7000FF5A1 /* ViewController.m */,
				742B916B1D4CA603000FF5A1 /* Main.storyboard */,
				DB32CE7C1D48893000F6FDA0 /* Assets.xcassets */,
				DB32CE7E1D48893000F6FDA0 /* LaunchScreen.storyboard */,
				DB32CE811D48893000F6FDA0 /* Info.plist */,
				DB32CE791D48893000F6FDA0 /* House_owner_assistant.xcdatamodeld */,
				DB32CE6D1D48893000F6FDA0 /* Supporting Files */,
			);
			path = "House-owner-assistant";
			sourceTree = "<group>";
		};
		DB32CE6D1D48893000F6FDA0 /* Supporting Files */ = {
			isa = PBXGroup;
			children = (
				DB32CE6E1D48893000F6FDA0 /* main.m */,
			);
			name = "Supporting Files";
			sourceTree = "<group>";
		};
		DB32CE891D48893000F6FDA0 /* House-owner-assistantTests */ = {
			isa = PBXGroup;
			children = (
				DB32CE8A1D48893000F6FDA0 /* House_owner_assistantTests.m */,
				DB32CE8C1D48893000F6FDA0 /* Info.plist */,
			);
			path = "House-owner-assistantTests";
			sourceTree = "<group>";
		};
		DB32CE941D48893000F6FDA0 /* House-owner-assistantUITests */ = {
			isa = PBXGroup;
			children = (
				DB32CE951D48893000F6FDA0 /* House_owner_assistantUITests.m */,
				DB32CE971D48893000F6FDA0 /* Info.plist */,
			);
			path = "House-owner-assistantUITests";
			sourceTree = "<group>";
		};
		DB32CEA71D4891BC00F6FDA0 /* Frameworks */ = {
			isa = PBXGroup;
			children = (
				DBAE08FB1D4F291B008A85C4 /* AVFoundation.framework */,
				DB32CEA51D4891AE00F6FDA0 /* CoreLocation.framework */,
				DB32CEA31D488FB200F6FDA0 /* MapKit.framework */,
			);
			name = Frameworks;
			sourceTree = "<group>";
		};
		DBAE08D21D4F1B84008A85C4 /* Controllers */ = {
			isa = PBXGroup;
			children = (
				DBAE08D31D4F1B84008A85C4 /* HAAddHousePhotoViewController.h */,
				DBAE08D41D4F1B84008A85C4 /* HAAddHousePhotoViewController.m */,
				DBAE08D51D4F1B84008A85C4 /* HAHouseInfoTableController.h */,
				DBAE08D61D4F1B84008A85C4 /* HAHouseInfoTableController.m */,
				DBAE08D71D4F1B84008A85C4 /* HAHouseLocationViewController.h */,
				DBAE08D81D4F1B84008A85C4 /* HAHouseLocationViewController.m */,
				DBAE08D91D4F1B84008A85C4 /* HAHouseTypeTableViewController.h */,
				DBAE08DA1D4F1B84008A85C4 /* HAHouseTypeTableViewController.m */,
				DBAE08DB1D4F1B84008A85C4 /* HAPublishHouseInfoTableViewController.h */,
				DBAE08DC1D4F1B84008A85C4 /* HAPublishHouseInfoTableViewController.m */,
			);
			path = Controllers;
			sourceTree = "<group>";
		};
		DBAE08E21D4F1B97008A85C4 /* Models */ = {
			isa = PBXGroup;
			children = (
				DBAE08E31D4F1B97008A85C4 /* HALocationPoint.h */,
				DBAE08E41D4F1B97008A85C4 /* HALocationPoint.m */,
				DBAE08E51D4F1B97008A85C4 /* House-owner-assistant.storyboard */,
			);
			path = Models;
			sourceTree = "<group>";
		};
		DBAE08E81D4F1B9F008A85C4 /* General */ = {
			isa = PBXGroup;
			children = (
				DBAE08E91D4F1B9F008A85C4 /* Categories */,
				DBAE08EC1D4F1B9F008A85C4 /* Classes */,
				DBAE08EF1D4F1B9F008A85C4 /* Views */,
			);
			path = General;
			sourceTree = "<group>";
		};
		DBAE08E91D4F1B9F008A85C4 /* Categories */ = {
			isa = PBXGroup;
			children = (
				DBAE08EA1D4F1B9F008A85C4 /* CALayer+Additions.h */,
				DBAE08EB1D4F1B9F008A85C4 /* CALayer+Additions.m */,
			);
			path = Categories;
			sourceTree = "<group>";
		};
		DBAE08EC1D4F1B9F008A85C4 /* Classes */ = {
			isa = PBXGroup;
			children = (
				DBAE08ED1D4F1B9F008A85C4 /* HALeapBehavior.h */,
				DBAE08EE1D4F1B9F008A85C4 /* HALeapBehavior.m */,
			);
			path = Classes;
			sourceTree = "<group>";
		};
		DBAE08EF1D4F1B9F008A85C4 /* Views */ = {
			isa = PBXGroup;
			children = (
				DBAE08F01D4F1B9F008A85C4 /* HAFloatingButton.h */,
				DBAE08F11D4F1B9F008A85C4 /* HAFloatingButton.m */,
				DBAE08F21D4F1B9F008A85C4 /* HALocationPickerTextField.h */,
				DBAE08F31D4F1B9F008A85C4 /* HALocationPickerTextField.m */,
			);
			path = Views;
			sourceTree = "<group>";
		};
		DBAE08F81D4F1BAA008A85C4 /* Helpers */ = {
			isa = PBXGroup;
			children = (
			);
			path = Helpers;
			sourceTree = "<group>";
		};
		DBAE08F91D4F1BB7008A85C4 /* Vendors */ = {
			isa = PBXGroup;
			children = (
				DBAE08FD1D4F4B6D008A85C4 /* CTAssetsPickerController */,
			);
			path = Vendors;
			sourceTree = "<group>";
		};
		DBAE08FA1D4F1BC9008A85C4 /* Views */ = {
			isa = PBXGroup;
			children = (
			);
			path = Views;
			sourceTree = "<group>";
		};
		DBAE08FD1D4F4B6D008A85C4 /* CTAssetsPickerController */ = {
			isa = PBXGroup;
			children = (
				DBAE08FE1D4F4B6D008A85C4 /* ALAssetsGroup+isEqual.h */,
				DBAE08FF1D4F4B6D008A85C4 /* ALAssetsGroup+isEqual.m */,
				DBAE09001D4F4B6D008A85C4 /* CTAssetsGroupViewCell.h */,
				DBAE09011D4F4B6D008A85C4 /* CTAssetsGroupViewCell.m */,
				DBAE09021D4F4B6D008A85C4 /* CTAssetsGroupViewController.h */,
				DBAE09031D4F4B6D008A85C4 /* CTAssetsGroupViewController.m */,
				DBAE09041D4F4B6D008A85C4 /* CTAssetsPickerConstants.h */,
				DBAE09051D4F4B6D008A85C4 /* CTAssetsPickerConstants.m */,
				DBAE09061D4F4B6D008A85C4 /* CTAssetsPickerController.h */,
				DBAE09071D4F4B6D008A85C4 /* CTAssetsPickerController.m */,
				DBAE09081D4F4B6D008A85C4 /* CTAssetsSupplementaryView.h */,
				DBAE09091D4F4B6D008A85C4 /* CTAssetsSupplementaryView.m */,
				DBAE090A1D4F4B6D008A85C4 /* CTAssetsViewCell.h */,
				DBAE090B1D4F4B6D008A85C4 /* CTAssetsViewCell.m */,
				DBAE090C1D4F4B6D008A85C4 /* CTAssetsViewController.h */,
				DBAE090D1D4F4B6D008A85C4 /* CTAssetsViewController.m */,
				DBAE090E1D4F4B6D008A85C4 /* Images.xcassets */,
				DBAE090F1D4F4B6D008A85C4 /* NSDate+timeDescription.h */,
				DBAE09101D4F4B6D008A85C4 /* NSDate+timeDescription.m */,
			);
			path = CTAssetsPickerController;
			sourceTree = "<group>";
		};
/* End PBXGroup section */

/* Begin PBXNativeTarget section */
		DB32CE691D48893000F6FDA0 /* House-owner-assistant */ = {
			isa = PBXNativeTarget;
			buildConfigurationList = DB32CE9A1D48893000F6FDA0 /* Build configuration list for PBXNativeTarget "House-owner-assistant" */;
			buildPhases = (
				DB32CE661D48893000F6FDA0 /* Sources */,
				DB32CE671D48893000F6FDA0 /* Frameworks */,
				DB32CE681D48893000F6FDA0 /* Resources */,
			);
			buildRules = (
			);
			dependencies = (
			);
			name = "House-owner-assistant";
			productName = "House-owner-assistant";
			productReference = DB32CE6A1D48893000F6FDA0 /* House-owner-assistant.app */;
			productType = "com.apple.product-type.application";
		};
		DB32CE851D48893000F6FDA0 /* House-owner-assistantTests */ = {
			isa = PBXNativeTarget;
			buildConfigurationList = DB32CE9D1D48893000F6FDA0 /* Build configuration list for PBXNativeTarget "House-owner-assistantTests" */;
			buildPhases = (
				DB32CE821D48893000F6FDA0 /* Sources */,
				DB32CE831D48893000F6FDA0 /* Frameworks */,
				DB32CE841D48893000F6FDA0 /* Resources */,
			);
			buildRules = (
			);
			dependencies = (
				DB32CE881D48893000F6FDA0 /* PBXTargetDependency */,
			);
			name = "House-owner-assistantTests";
			productName = "House-owner-assistantTests";
			productReference = DB32CE861D48893000F6FDA0 /* House-owner-assistantTests.xctest */;
			productType = "com.apple.product-type.bundle.unit-test";
		};
		DB32CE901D48893000F6FDA0 /* House-owner-assistantUITests */ = {
			isa = PBXNativeTarget;
			buildConfigurationList = DB32CEA01D48893000F6FDA0 /* Build configuration list for PBXNativeTarget "House-owner-assistantUITests" */;
			buildPhases = (
				DB32CE8D1D48893000F6FDA0 /* Sources */,
				DB32CE8E1D48893000F6FDA0 /* Frameworks */,
				DB32CE8F1D48893000F6FDA0 /* Resources */,
			);
			buildRules = (
			);
			dependencies = (
				DB32CE931D48893000F6FDA0 /* PBXTargetDependency */,
			);
			name = "House-owner-assistantUITests";
			productName = "House-owner-assistantUITests";
			productReference = DB32CE911D48893000F6FDA0 /* House-owner-assistantUITests.xctest */;
			productType = "com.apple.product-type.bundle.ui-testing";
		};
/* End PBXNativeTarget section */

/* Begin PBXProject section */
		DB32CE621D48893000F6FDA0 /* Project object */ = {
			isa = PBXProject;
			attributes = {
				LastUpgradeCheck = 0730;
				ORGANIZATIONNAME = HA;
				TargetAttributes = {
					DB32CE691D48893000F6FDA0 = {
						CreatedOnToolsVersion = 7.3;
					};
					DB32CE851D48893000F6FDA0 = {
						CreatedOnToolsVersion = 7.3;
						TestTargetID = DB32CE691D48893000F6FDA0;
					};
					DB32CE901D48893000F6FDA0 = {
						CreatedOnToolsVersion = 7.3;
						TestTargetID = DB32CE691D48893000F6FDA0;
					};
				};
			};
			buildConfigurationList = DB32CE651D48893000F6FDA0 /* Build configuration list for PBXProject "House-owner-assistant" */;
			compatibilityVersion = "Xcode 3.2";
			developmentRegion = English;
			hasScannedForEncodings = 0;
			knownRegions = (
				en,
				Base,
			);
			mainGroup = DB32CE611D48893000F6FDA0;
			productRefGroup = DB32CE6B1D48893000F6FDA0 /* Products */;
			projectDirPath = "";
			projectRoot = "";
			targets = (
				DB32CE691D48893000F6FDA0 /* House-owner-assistant */,
				DB32CE851D48893000F6FDA0 /* House-owner-assistantTests */,
				DB32CE901D48893000F6FDA0 /* House-owner-assistantUITests */,
			);
		};
/* End PBXProject section */

/* Begin PBXResourcesBuildPhase section */
		DB32CE681D48893000F6FDA0 /* Resources */ = {
			isa = PBXResourcesBuildPhase;
			buildActionMask = 2147483647;
			files = (
				DBAE08E71D4F1B97008A85C4 /* House-owner-assistant.storyboard in Resources */,
				DBAE09191D4F4B6D008A85C4 /* Images.xcassets in Resources */,
				DB32CE801D48893000F6FDA0 /* LaunchScreen.storyboard in Resources */,
				742B916C1D4CA603000FF5A1 /* Main.storyboard in Resources */,
				DB32CE7D1D48893000F6FDA0 /* Assets.xcassets in Resources */,
			);
			runOnlyForDeploymentPostprocessing = 0;
		};
		DB32CE841D48893000F6FDA0 /* Resources */ = {
			isa = PBXResourcesBuildPhase;
			buildActionMask = 2147483647;
			files = (
			);
			runOnlyForDeploymentPostprocessing = 0;
		};
		DB32CE8F1D48893000F6FDA0 /* Resources */ = {
			isa = PBXResourcesBuildPhase;
			buildActionMask = 2147483647;
			files = (
			);
			runOnlyForDeploymentPostprocessing = 0;
		};
/* End PBXResourcesBuildPhase section */

/* Begin PBXSourcesBuildPhase section */
		DB32CE661D48893000F6FDA0 /* Sources */ = {
			isa = PBXSourcesBuildPhase;
			buildActionMask = 2147483647;
			files = (
				742B916F1D4CA7D7000FF5A1 /* ViewController.m in Sources */,
				DBAE08F71D4F1B9F008A85C4 /* HALocationPickerTextField.m in Sources */,
				DBAE09181D4F4B6D008A85C4 /* CTAssetsViewController.m in Sources */,
				DBAE09131D4F4B6D008A85C4 /* CTAssetsGroupViewController.m in Sources */,
				DB32CE7B1D48893000F6FDA0 /* House_owner_assistant.xcdatamodeld in Sources */,
				DBAE08F51D4F1B9F008A85C4 /* HALeapBehavior.m in Sources */,
				DBAE09151D4F4B6D008A85C4 /* CTAssetsPickerController.m in Sources */,
				DBAE09121D4F4B6D008A85C4 /* CTAssetsGroupViewCell.m in Sources */,
				DBAE08E01D4F1B84008A85C4 /* HAHouseTypeTableViewController.m in Sources */,
				DB32CE721D48893000F6FDA0 /* HAAppDelegate.m in Sources */,
				DB32CE6F1D48893000F6FDA0 /* main.m in Sources */,
				DBAE09141D4F4B6D008A85C4 /* CTAssetsPickerConstants.m in Sources */,
				DBAE08DE1D4F1B84008A85C4 /* HAHouseInfoTableController.m in Sources */,
				DBAE09161D4F4B6D008A85C4 /* CTAssetsSupplementaryView.m in Sources */,
				DBAE08DD1D4F1B84008A85C4 /* HAAddHousePhotoViewController.m in Sources */,
				DBAE08F41D4F1B9F008A85C4 /* CALayer+Additions.m in Sources */,
				DBAE08DF1D4F1B84008A85C4 /* HAHouseLocationViewController.m in Sources */,
				DBAE09171D4F4B6D008A85C4 /* CTAssetsViewCell.m in Sources */,
				DBAE08E61D4F1B97008A85C4 /* HALocationPoint.m in Sources */,
				DBAE08F61D4F1B9F008A85C4 /* HAFloatingButton.m in Sources */,
				DBAE08E11D4F1B84008A85C4 /* HAPublishHouseInfoTableViewController.m in Sources */,
				DBAE09111D4F4B6D008A85C4 /* ALAssetsGroup+isEqual.m in Sources */,
				DBAE091A1D4F4B6D008A85C4 /* NSDate+timeDescription.m in Sources */,
			);
			runOnlyForDeploymentPostprocessing = 0;
		};
		DB32CE821D48893000F6FDA0 /* Sources */ = {
			isa = PBXSourcesBuildPhase;
			buildActionMask = 2147483647;
			files = (
				DB32CE8B1D48893000F6FDA0 /* House_owner_assistantTests.m in Sources */,
			);
			runOnlyForDeploymentPostprocessing = 0;
		};
		DB32CE8D1D48893000F6FDA0 /* Sources */ = {
			isa = PBXSourcesBuildPhase;
			buildActionMask = 2147483647;
			files = (
				DB32CE961D48893000F6FDA0 /* House_owner_assistantUITests.m in Sources */,
			);
			runOnlyForDeploymentPostprocessing = 0;
		};
/* End PBXSourcesBuildPhase section */

/* Begin PBXTargetDependency section */
		DB32CE881D48893000F6FDA0 /* PBXTargetDependency */ = {
			isa = PBXTargetDependency;
			target = DB32CE691D48893000F6FDA0 /* House-owner-assistant */;
			targetProxy = DB32CE871D48893000F6FDA0 /* PBXContainerItemProxy */;
		};
		DB32CE931D48893000F6FDA0 /* PBXTargetDependency */ = {
			isa = PBXTargetDependency;
			target = DB32CE691D48893000F6FDA0 /* House-owner-assistant */;
			targetProxy = DB32CE921D48893000F6FDA0 /* PBXContainerItemProxy */;
		};
/* End PBXTargetDependency section */

/* Begin PBXVariantGroup section */
		DB32CE7E1D48893000F6FDA0 /* LaunchScreen.storyboard */ = {
			isa = PBXVariantGroup;
			children = (
				DB32CE7F1D48893000F6FDA0 /* Base */,
			);
			name = LaunchScreen.storyboard;
			sourceTree = "<group>";
		};
/* End PBXVariantGroup section */

/* Begin XCBuildConfiguration section */
		DB32CE981D48893000F6FDA0 /* Debug */ = {
			isa = XCBuildConfiguration;
			buildSettings = {
				ALWAYS_SEARCH_USER_PATHS = NO;
				CLANG_ANALYZER_NONNULL = YES;
				CLANG_CXX_LANGUAGE_STANDARD = "gnu++0x";
				CLANG_CXX_LIBRARY = "libc++";
				CLANG_ENABLE_MODULES = YES;
				CLANG_ENABLE_OBJC_ARC = YES;
				CLANG_WARN_BOOL_CONVERSION = YES;
				CLANG_WARN_CONSTANT_CONVERSION = YES;
				CLANG_WARN_DIRECT_OBJC_ISA_USAGE = YES_ERROR;
				CLANG_WARN_EMPTY_BODY = YES;
				CLANG_WARN_ENUM_CONVERSION = YES;
				CLANG_WARN_INT_CONVERSION = YES;
				CLANG_WARN_OBJC_ROOT_CLASS = YES_ERROR;
				CLANG_WARN_UNREACHABLE_CODE = YES;
				CLANG_WARN__DUPLICATE_METHOD_MATCH = YES;
				"CODE_SIGN_IDENTITY[sdk=iphoneos*]" = "iPhone Developer";
				COPY_PHASE_STRIP = NO;
				DEBUG_INFORMATION_FORMAT = dwarf;
				ENABLE_STRICT_OBJC_MSGSEND = YES;
				ENABLE_TESTABILITY = YES;
				GCC_C_LANGUAGE_STANDARD = gnu99;
				GCC_DYNAMIC_NO_PIC = NO;
				GCC_NO_COMMON_BLOCKS = YES;
				GCC_OPTIMIZATION_LEVEL = 0;
				GCC_PREPROCESSOR_DEFINITIONS = (
					"DEBUG=1",
					"$(inherited)",
				);
				GCC_WARN_64_TO_32_BIT_CONVERSION = YES;
				GCC_WARN_ABOUT_RETURN_TYPE = YES_ERROR;
				GCC_WARN_UNDECLARED_SELECTOR = YES;
				GCC_WARN_UNINITIALIZED_AUTOS = YES_AGGRESSIVE;
				GCC_WARN_UNUSED_FUNCTION = YES;
				GCC_WARN_UNUSED_VARIABLE = YES;
				IPHONEOS_DEPLOYMENT_TARGET = 9.3;
				MTL_ENABLE_DEBUG_INFO = YES;
				ONLY_ACTIVE_ARCH = YES;
				SDKROOT = iphoneos;
				TARGETED_DEVICE_FAMILY = "1,2";
			};
			name = Debug;
		};
		DB32CE991D48893000F6FDA0 /* Release */ = {
			isa = XCBuildConfiguration;
			buildSettings = {
				ALWAYS_SEARCH_USER_PATHS = NO;
				CLANG_ANALYZER_NONNULL = YES;
				CLANG_CXX_LANGUAGE_STANDARD = "gnu++0x";
				CLANG_CXX_LIBRARY = "libc++";
				CLANG_ENABLE_MODULES = YES;
				CLANG_ENABLE_OBJC_ARC = YES;
				CLANG_WARN_BOOL_CONVERSION = YES;
				CLANG_WARN_CONSTANT_CONVERSION = YES;
				CLANG_WARN_DIRECT_OBJC_ISA_USAGE = YES_ERROR;
				CLANG_WARN_EMPTY_BODY = YES;
				CLANG_WARN_ENUM_CONVERSION = YES;
				CLANG_WARN_INT_CONVERSION = YES;
				CLANG_WARN_OBJC_ROOT_CLASS = YES_ERROR;
				CLANG_WARN_UNREACHABLE_CODE = YES;
				CLANG_WARN__DUPLICATE_METHOD_MATCH = YES;
				"CODE_SIGN_IDENTITY[sdk=iphoneos*]" = "iPhone Developer";
				COPY_PHASE_STRIP = NO;
				DEBUG_INFORMATION_FORMAT = "dwarf-with-dsym";
				ENABLE_NS_ASSERTIONS = NO;
				ENABLE_STRICT_OBJC_MSGSEND = YES;
				GCC_C_LANGUAGE_STANDARD = gnu99;
				GCC_NO_COMMON_BLOCKS = YES;
				GCC_WARN_64_TO_32_BIT_CONVERSION = YES;
				GCC_WARN_ABOUT_RETURN_TYPE = YES_ERROR;
				GCC_WARN_UNDECLARED_SELECTOR = YES;
				GCC_WARN_UNINITIALIZED_AUTOS = YES_AGGRESSIVE;
				GCC_WARN_UNUSED_FUNCTION = YES;
				GCC_WARN_UNUSED_VARIABLE = YES;
				IPHONEOS_DEPLOYMENT_TARGET = 9.3;
				MTL_ENABLE_DEBUG_INFO = NO;
				SDKROOT = iphoneos;
				TARGETED_DEVICE_FAMILY = "1,2";
				VALIDATE_PRODUCT = YES;
			};
			name = Release;
		};
		DB32CE9B1D48893000F6FDA0 /* Debug */ = {
			isa = XCBuildConfiguration;
			buildSettings = {
				ASSETCATALOG_COMPILER_APPICON_NAME = AppIcon;
				CODE_SIGN_IDENTITY = "iPhone Developer";
				INFOPLIST_FILE = "House-owner-assistant/Info.plist";
				IPHONEOS_DEPLOYMENT_TARGET = 7.0;
				LD_RUNPATH_SEARCH_PATHS = "$(inherited) @executable_path/Frameworks";
				PRODUCT_BUNDLE_IDENTIFIER = com.huseowner.assistant;
				PRODUCT_NAME = "$(TARGET_NAME)";
				PROVISIONING_PROFILE = "7b8c7137-1aa5-4677-ba3c-75ad42718c46";
			};
			name = Debug;
		};
		DB32CE9C1D48893000F6FDA0 /* Release */ = {
			isa = XCBuildConfiguration;
			buildSettings = {
				ASSETCATALOG_COMPILER_APPICON_NAME = AppIcon;
				CODE_SIGN_IDENTITY = "iPhone Developer";
				INFOPLIST_FILE = "House-owner-assistant/Info.plist";
				IPHONEOS_DEPLOYMENT_TARGET = 7.0;
				LD_RUNPATH_SEARCH_PATHS = "$(inherited) @executable_path/Frameworks";
				PRODUCT_BUNDLE_IDENTIFIER = com.huseowner.assistant;
				PRODUCT_NAME = "$(TARGET_NAME)";
				PROVISIONING_PROFILE = "7b8c7137-1aa5-4677-ba3c-75ad42718c46";
			};
			name = Release;
		};
		DB32CE9E1D48893000F6FDA0 /* Debug */ = {
			isa = XCBuildConfiguration;
			buildSettings = {
				BUNDLE_LOADER = "$(TEST_HOST)";
				INFOPLIST_FILE = "House-owner-assistantTests/Info.plist";
				LD_RUNPATH_SEARCH_PATHS = "$(inherited) @executable_path/Frameworks @loader_path/Frameworks";
				PRODUCT_BUNDLE_IDENTIFIER = "HA.House-owner-assistantTests";
				PRODUCT_NAME = "$(TARGET_NAME)";
				TEST_HOST = "$(BUILT_PRODUCTS_DIR)/House-owner-assistant.app/House-owner-assistant";
			};
			name = Debug;
		};
		DB32CE9F1D48893000F6FDA0 /* Release */ = {
			isa = XCBuildConfiguration;
			buildSettings = {
				BUNDLE_LOADER = "$(TEST_HOST)";
				INFOPLIST_FILE = "House-owner-assistantTests/Info.plist";
				LD_RUNPATH_SEARCH_PATHS = "$(inherited) @executable_path/Frameworks @loader_path/Frameworks";
				PRODUCT_BUNDLE_IDENTIFIER = "HA.House-owner-assistantTests";
				PRODUCT_NAME = "$(TARGET_NAME)";
				TEST_HOST = "$(BUILT_PRODUCTS_DIR)/House-owner-assistant.app/House-owner-assistant";
			};
			name = Release;
		};
		DB32CEA11D48893000F6FDA0 /* Debug */ = {
			isa = XCBuildConfiguration;
			buildSettings = {
				INFOPLIST_FILE = "House-owner-assistantUITests/Info.plist";
				LD_RUNPATH_SEARCH_PATHS = "$(inherited) @executable_path/Frameworks @loader_path/Frameworks";
				PRODUCT_BUNDLE_IDENTIFIER = "HA.House-owner-assistantUITests";
				PRODUCT_NAME = "$(TARGET_NAME)";
				TEST_TARGET_NAME = "House-owner-assistant";
			};
			name = Debug;
		};
		DB32CEA21D48893000F6FDA0 /* Release */ = {
			isa = XCBuildConfiguration;
			buildSettings = {
				INFOPLIST_FILE = "House-owner-assistantUITests/Info.plist";
				LD_RUNPATH_SEARCH_PATHS = "$(inherited) @executable_path/Frameworks @loader_path/Frameworks";
				PRODUCT_BUNDLE_IDENTIFIER = "HA.House-owner-assistantUITests";
				PRODUCT_NAME = "$(TARGET_NAME)";
				TEST_TARGET_NAME = "House-owner-assistant";
			};
			name = Release;
		};
/* End XCBuildConfiguration section */

/* Begin XCConfigurationList section */
		DB32CE651D48893000F6FDA0 /* Build configuration list for PBXProject "House-owner-assistant" */ = {
			isa = XCConfigurationList;
			buildConfigurations = (
				DB32CE981D48893000F6FDA0 /* Debug */,
				DB32CE991D48893000F6FDA0 /* Release */,
			);
			defaultConfigurationIsVisible = 0;
			defaultConfigurationName = Release;
		};
		DB32CE9A1D48893000F6FDA0 /* Build configuration list for PBXNativeTarget "House-owner-assistant" */ = {
			isa = XCConfigurationList;
			buildConfigurations = (
				DB32CE9B1D48893000F6FDA0 /* Debug */,
				DB32CE9C1D48893000F6FDA0 /* Release */,
			);
			defaultConfigurationIsVisible = 0;
			defaultConfigurationName = Release;
		};
		DB32CE9D1D48893000F6FDA0 /* Build configuration list for PBXNativeTarget "House-owner-assistantTests" */ = {
			isa = XCConfigurationList;
			buildConfigurations = (
				DB32CE9E1D48893000F6FDA0 /* Debug */,
				DB32CE9F1D48893000F6FDA0 /* Release */,
			);
			defaultConfigurationIsVisible = 0;
			defaultConfigurationName = Release;
		};
		DB32CEA01D48893000F6FDA0 /* Build configuration list for PBXNativeTarget "House-owner-assistantUITests" */ = {
			isa = XCConfigurationList;
			buildConfigurations = (
				DB32CEA11D48893000F6FDA0 /* Debug */,
				DB32CEA21D48893000F6FDA0 /* Release */,
			);
			defaultConfigurationIsVisible = 0;
			defaultConfigurationName = Release;
		};
/* End XCConfigurationList section */

/* Begin XCVersionGroup section */
		DB32CE791D48893000F6FDA0 /* House_owner_assistant.xcdatamodeld */ = {
			isa = XCVersionGroup;
			children = (
				DB32CE7A1D48893000F6FDA0 /* House_owner_assistant.xcdatamodel */,
			);
			currentVersion = DB32CE7A1D48893000F6FDA0 /* House_owner_assistant.xcdatamodel */;
			path = House_owner_assistant.xcdatamodeld;
			sourceTree = "<group>";
			versionGroupType = wrapper.xcdatamodel;
		};
/* End XCVersionGroup section */
	};
	rootObject = DB32CE621D48893000F6FDA0 /* Project object */;
}
